
Microsoft Visual Studio Solution File, Format Version 12.00
# Visual Studio Version 16
VisualStudioVersion = 16.0.30803.129
MinimumVisualStudioVersion = 10.0.40219.1
Project("{9A19103F-16F7-4668-BE54-9A1E7A4F7556}") = "Ploch.Common", "src\Common\Ploch.Common.csproj", "{2B936120-F5A3-4955-8F63-925B8BC82F6D}"
EndProject
Project("{9A19103F-16F7-4668-BE54-9A1E7A4F7556}") = "Ploch.Common.Tests", "src\Common.Tests\Ploch.Common.Tests.csproj", "{0BAE0808-2372-4B4D-8438-B07D8803D5B2}"
EndProject
Project("{9A19103F-16F7-4668-BE54-9A1E7A4F7556}") = "Ploch.Common.Data.Model", "src\Common.Data\Data.Model\Ploch.Common.Data.Model.csproj", "{48F50CE8-A2E6-428B-B491-B410C524A3A4}"
EndProject
Project("{9A19103F-16F7-4668-BE54-9A1E7A4F7556}") = "Ploch.TestingSupport", "src\TestingSupport\Ploch.TestingSupport.csproj", "{BBCDE715-D632-4B5A-AE24-4D0C00781220}"
EndProject
Project("{9A19103F-16F7-4668-BE54-9A1E7A4F7556}") = "Ploch.TestingSupport.Xunit", "src\TestingSupport.Xunit\Ploch.TestingSupport.Xunit.csproj", "{503C1A9B-845A-41FD-9BF8-ED732AF3F7F6}"
EndProject
Project("{9A19103F-16F7-4668-BE54-9A1E7A4F7556}") = "Ploch.TestingSupport.Xunit.Tests", "src\TestingSupport.Xunit.Tests\Ploch.TestingSupport.Xunit.Tests.csproj", "{89590B6C-1DDB-4E08-9E94-D4B7628A62A2}"
EndProject
Project("{2150E333-8FDC-42A3-9474-1A3956D46DE8}") = "Solution Items", "Solution Items", "{D89DED28-8B6B-46D3-AAE0-2764D1DF0094}"
	ProjectSection(SolutionItems) = preProject
		.editorconfig = .editorconfig
		.gitignore = .gitignore
		Directory.Build.props = Directory.Build.props
		NuGet.Config = NuGet.Config
		Ploch.Common.nuspec = Ploch.Common.nuspec
		README.md = README.md
	EndProjectSection
EndProject
Project("{2150E333-8FDC-42A3-9474-1A3956D46DE8}") = "Tests", "Tests", "{861A9732-0DD2-43BF-9DA9-6529961C58D5}"
EndProject
Project("{9A19103F-16F7-4668-BE54-9A1E7A4F7556}") = "Ploch.TestingSupport.FluentAssertions", "src\TestingSupport.FluentAssertions\Ploch.TestingSupport.FluentAssertions.csproj", "{76487E64-C821-4EBA-9CB1-19888C29228A}"
EndProject
Project("{9A19103F-16F7-4668-BE54-9A1E7A4F7556}") = "Ploch.TestingSupport.FluentAssertions.Tests", "src\TestingSupport.FluentAssertions.Tests\Ploch.TestingSupport.FluentAssertions.Tests.csproj", "{F6045DBA-69A1-4114-AEB9-2543F03E576A}"
EndProject
Project("{9A19103F-16F7-4668-BE54-9A1E7A4F7556}") = "Ploch.Common.DependencyInjection", "src\Common.DependencyInjection\Ploch.Common.DependencyInjection.csproj", "{38871480-2261-4529-A44C-1061C6EA80B7}"
EndProject
Project("{9A19103F-16F7-4668-BE54-9A1E7A4F7556}") = "Ploch.TestingSupport.Tests", "src\TestingSupport.Tests\Ploch.TestingSupport.Tests.csproj", "{F5D85A3A-5BCA-4BEA-BDF3-FEAACC2F584F}"
EndProject
Project("{FAE04EC0-301F-11D3-BF4B-00C04F79EFBC}") = "Ploch.Common.DawnGuard", "src\Common.DawnGuard\Ploch.Common.DawnGuard.csproj", "{9627D787-346F-430E-983B-F60B7610604E}"
EndProject
Project("{FAE04EC0-301F-11D3-BF4B-00C04F79EFBC}") = "Ploch.Common.DawnGuard.Tests", "src\Common.DawnGuard.Tests\Ploch.Common.DawnGuard.Tests.csproj", "{708BAAD8-64D8-4EF5-89FB-8BDB29FDC207}"
EndProject
Project("{FAE04EC0-301F-11D3-BF4B-00C04F79EFBC}") = "Ploch.Common.Data.StandardDataSets", "src\Common.Data\Data.StandardDataSets\Ploch.Common.Data.StandardDataSets.csproj", "{C23183C4-E0FF-4C77-A25A-B164565BFDC1}"
EndProject
Project("{FAE04EC0-301F-11D3-BF4B-00C04F79EFBC}") = "Ploch.Common.Data.Utilities", "src\Common.Data\Data.Utilities\Ploch.Common.Data.Utilities.csproj", "{46E7BBE3-D06F-42B8-9290-AA50B7D3D866}"
EndProject
Project("{FAE04EC0-301F-11D3-BF4B-00C04F79EFBC}") = "Ploch.Common.WebUI", "src\Common.WebUI\Ploch.Common.WebUI.csproj", "{001D75E9-F471-46E8-A5A3-1F3F9BEA873C}"
EndProject
Project("{FAE04EC0-301F-11D3-BF4B-00C04F79EFBC}") = "Ploch.Data.StandardDataSets.Tests", "src\Common.Data\Ploch.Data.StandardDataSets.Tests\Ploch.Data.StandardDataSets.Tests.csproj", "{33F944EB-8BF2-4264-B887-DEFE2F00CD03}"
EndProject
Project("{2150E333-8FDC-42A3-9474-1A3956D46DE8}") = "CommandLine", "CommandLine", "{66399567-4C78-4AA1-9130-84966258AEEE}"
EndProject
Project("{FAE04EC0-301F-11D3-BF4B-00C04F79EFBC}") = "Ploch.Common.CommandLine", "src\Common.CommandLine\CommandLine\Ploch.Common.CommandLine.csproj", "{A6F68BE5-079B-4F41-9645-5F30DB8A9846}"
EndProject
Project("{FAE04EC0-301F-11D3-BF4B-00C04F79EFBC}") = "Ploch.Common.CommandLine.Autofac", "src\Common.CommandLine\CommandLine.Autofac\Ploch.Common.CommandLine.Autofac.csproj", "{C559D8A2-7614-40D4-B713-FBFF0AAADEA9}"
EndProject
Project("{FAE04EC0-301F-11D3-BF4B-00C04F79EFBC}") = "Ploch.Common.CommandLine.Serilog", "src\Common.CommandLine\CommandLine.Serilog\Ploch.Common.CommandLine.Serilog.csproj", "{2C661994-B976-436F-916A-80ED26F63B57}"
EndProject
Project("{FAE04EC0-301F-11D3-BF4B-00C04F79EFBC}") = "Ploch.Common.CommandLine.Tests", "src\Common.CommandLine\CommandLine.Tests\Ploch.Common.CommandLine.Tests.csproj", "{4A603C16-4B3A-42D5-A68D-CD2BF4AA01C1}"
EndProject
Global
	GlobalSection(SolutionConfigurationPlatforms) = preSolution
		Debug|Any CPU = Debug|Any CPU
		Debug|ARM = Debug|ARM
		Debug|ARM64 = Debug|ARM64
		Debug|x64 = Debug|x64
		Debug|x86 = Debug|x86
		Release|Any CPU = Release|Any CPU
		Release|ARM = Release|ARM
		Release|ARM64 = Release|ARM64
		Release|x64 = Release|x64
		Release|x86 = Release|x86
	EndGlobalSection
	GlobalSection(ProjectConfigurationPlatforms) = postSolution
		{2B936120-F5A3-4955-8F63-925B8BC82F6D}.Debug|Any CPU.ActiveCfg = Debug|Any CPU
		{2B936120-F5A3-4955-8F63-925B8BC82F6D}.Debug|Any CPU.Build.0 = Debug|Any CPU
		{2B936120-F5A3-4955-8F63-925B8BC82F6D}.Debug|ARM.ActiveCfg = Debug|Any CPU
		{2B936120-F5A3-4955-8F63-925B8BC82F6D}.Debug|ARM.Build.0 = Debug|Any CPU
		{2B936120-F5A3-4955-8F63-925B8BC82F6D}.Debug|ARM64.ActiveCfg = Debug|Any CPU
		{2B936120-F5A3-4955-8F63-925B8BC82F6D}.Debug|ARM64.Build.0 = Debug|Any CPU
		{2B936120-F5A3-4955-8F63-925B8BC82F6D}.Debug|x64.ActiveCfg = Debug|Any CPU
		{2B936120-F5A3-4955-8F63-925B8BC82F6D}.Debug|x64.Build.0 = Debug|Any CPU
		{2B936120-F5A3-4955-8F63-925B8BC82F6D}.Debug|x86.ActiveCfg = Debug|Any CPU
		{2B936120-F5A3-4955-8F63-925B8BC82F6D}.Debug|x86.Build.0 = Debug|Any CPU
		{2B936120-F5A3-4955-8F63-925B8BC82F6D}.Release|Any CPU.ActiveCfg = Release|Any CPU
		{2B936120-F5A3-4955-8F63-925B8BC82F6D}.Release|Any CPU.Build.0 = Release|Any CPU
		{2B936120-F5A3-4955-8F63-925B8BC82F6D}.Release|ARM.ActiveCfg = Release|Any CPU
		{2B936120-F5A3-4955-8F63-925B8BC82F6D}.Release|ARM.Build.0 = Release|Any CPU
		{2B936120-F5A3-4955-8F63-925B8BC82F6D}.Release|ARM64.ActiveCfg = Release|Any CPU
		{2B936120-F5A3-4955-8F63-925B8BC82F6D}.Release|ARM64.Build.0 = Release|Any CPU
		{2B936120-F5A3-4955-8F63-925B8BC82F6D}.Release|x64.ActiveCfg = Release|Any CPU
		{2B936120-F5A3-4955-8F63-925B8BC82F6D}.Release|x64.Build.0 = Release|Any CPU
		{2B936120-F5A3-4955-8F63-925B8BC82F6D}.Release|x86.ActiveCfg = Release|Any CPU
		{2B936120-F5A3-4955-8F63-925B8BC82F6D}.Release|x86.Build.0 = Release|Any CPU
		{0BAE0808-2372-4B4D-8438-B07D8803D5B2}.Debug|Any CPU.ActiveCfg = Debug|Any CPU
		{0BAE0808-2372-4B4D-8438-B07D8803D5B2}.Debug|Any CPU.Build.0 = Debug|Any CPU
		{0BAE0808-2372-4B4D-8438-B07D8803D5B2}.Debug|ARM.ActiveCfg = Debug|Any CPU
		{0BAE0808-2372-4B4D-8438-B07D8803D5B2}.Debug|ARM.Build.0 = Debug|Any CPU
		{0BAE0808-2372-4B4D-8438-B07D8803D5B2}.Debug|ARM64.ActiveCfg = Debug|Any CPU
		{0BAE0808-2372-4B4D-8438-B07D8803D5B2}.Debug|ARM64.Build.0 = Debug|Any CPU
		{0BAE0808-2372-4B4D-8438-B07D8803D5B2}.Debug|x64.ActiveCfg = Debug|Any CPU
		{0BAE0808-2372-4B4D-8438-B07D8803D5B2}.Debug|x64.Build.0 = Debug|Any CPU
		{0BAE0808-2372-4B4D-8438-B07D8803D5B2}.Debug|x86.ActiveCfg = Debug|Any CPU
		{0BAE0808-2372-4B4D-8438-B07D8803D5B2}.Debug|x86.Build.0 = Debug|Any CPU
		{0BAE0808-2372-4B4D-8438-B07D8803D5B2}.Release|Any CPU.ActiveCfg = Release|Any CPU
		{0BAE0808-2372-4B4D-8438-B07D8803D5B2}.Release|Any CPU.Build.0 = Release|Any CPU
		{0BAE0808-2372-4B4D-8438-B07D8803D5B2}.Release|ARM.ActiveCfg = Release|Any CPU
		{0BAE0808-2372-4B4D-8438-B07D8803D5B2}.Release|ARM.Build.0 = Release|Any CPU
		{0BAE0808-2372-4B4D-8438-B07D8803D5B2}.Release|ARM64.ActiveCfg = Release|Any CPU
		{0BAE0808-2372-4B4D-8438-B07D8803D5B2}.Release|ARM64.Build.0 = Release|Any CPU
		{0BAE0808-2372-4B4D-8438-B07D8803D5B2}.Release|x64.ActiveCfg = Release|Any CPU
		{0BAE0808-2372-4B4D-8438-B07D8803D5B2}.Release|x64.Build.0 = Release|Any CPU
		{0BAE0808-2372-4B4D-8438-B07D8803D5B2}.Release|x86.ActiveCfg = Release|Any CPU
		{0BAE0808-2372-4B4D-8438-B07D8803D5B2}.Release|x86.Build.0 = Release|Any CPU
		{48F50CE8-A2E6-428B-B491-B410C524A3A4}.Debug|Any CPU.ActiveCfg = Debug|Any CPU
		{48F50CE8-A2E6-428B-B491-B410C524A3A4}.Debug|Any CPU.Build.0 = Debug|Any CPU
		{48F50CE8-A2E6-428B-B491-B410C524A3A4}.Debug|ARM.ActiveCfg = Debug|Any CPU
		{48F50CE8-A2E6-428B-B491-B410C524A3A4}.Debug|ARM.Build.0 = Debug|Any CPU
		{48F50CE8-A2E6-428B-B491-B410C524A3A4}.Debug|ARM64.ActiveCfg = Debug|Any CPU
		{48F50CE8-A2E6-428B-B491-B410C524A3A4}.Debug|ARM64.Build.0 = Debug|Any CPU
		{48F50CE8-A2E6-428B-B491-B410C524A3A4}.Debug|x64.ActiveCfg = Debug|Any CPU
		{48F50CE8-A2E6-428B-B491-B410C524A3A4}.Debug|x64.Build.0 = Debug|Any CPU
		{48F50CE8-A2E6-428B-B491-B410C524A3A4}.Debug|x86.ActiveCfg = Debug|Any CPU
		{48F50CE8-A2E6-428B-B491-B410C524A3A4}.Debug|x86.Build.0 = Debug|Any CPU
		{48F50CE8-A2E6-428B-B491-B410C524A3A4}.Release|Any CPU.ActiveCfg = Release|Any CPU
		{48F50CE8-A2E6-428B-B491-B410C524A3A4}.Release|Any CPU.Build.0 = Release|Any CPU
		{48F50CE8-A2E6-428B-B491-B410C524A3A4}.Release|ARM.ActiveCfg = Release|Any CPU
		{48F50CE8-A2E6-428B-B491-B410C524A3A4}.Release|ARM.Build.0 = Release|Any CPU
		{48F50CE8-A2E6-428B-B491-B410C524A3A4}.Release|ARM64.ActiveCfg = Release|Any CPU
		{48F50CE8-A2E6-428B-B491-B410C524A3A4}.Release|ARM64.Build.0 = Release|Any CPU
		{48F50CE8-A2E6-428B-B491-B410C524A3A4}.Release|x64.ActiveCfg = Release|Any CPU
		{48F50CE8-A2E6-428B-B491-B410C524A3A4}.Release|x64.Build.0 = Release|Any CPU
		{48F50CE8-A2E6-428B-B491-B410C524A3A4}.Release|x86.ActiveCfg = Release|Any CPU
		{48F50CE8-A2E6-428B-B491-B410C524A3A4}.Release|x86.Build.0 = Release|Any CPU
		{BBCDE715-D632-4B5A-AE24-4D0C00781220}.Debug|Any CPU.ActiveCfg = Debug|Any CPU
		{BBCDE715-D632-4B5A-AE24-4D0C00781220}.Debug|Any CPU.Build.0 = Debug|Any CPU
		{BBCDE715-D632-4B5A-AE24-4D0C00781220}.Debug|ARM.ActiveCfg = Debug|Any CPU
		{BBCDE715-D632-4B5A-AE24-4D0C00781220}.Debug|ARM.Build.0 = Debug|Any CPU
		{BBCDE715-D632-4B5A-AE24-4D0C00781220}.Debug|ARM64.ActiveCfg = Debug|Any CPU
		{BBCDE715-D632-4B5A-AE24-4D0C00781220}.Debug|ARM64.Build.0 = Debug|Any CPU
		{BBCDE715-D632-4B5A-AE24-4D0C00781220}.Debug|x64.ActiveCfg = Debug|Any CPU
		{BBCDE715-D632-4B5A-AE24-4D0C00781220}.Debug|x64.Build.0 = Debug|Any CPU
		{BBCDE715-D632-4B5A-AE24-4D0C00781220}.Debug|x86.ActiveCfg = Debug|Any CPU
		{BBCDE715-D632-4B5A-AE24-4D0C00781220}.Debug|x86.Build.0 = Debug|Any CPU
		{BBCDE715-D632-4B5A-AE24-4D0C00781220}.Release|Any CPU.ActiveCfg = Release|Any CPU
		{BBCDE715-D632-4B5A-AE24-4D0C00781220}.Release|Any CPU.Build.0 = Release|Any CPU
		{BBCDE715-D632-4B5A-AE24-4D0C00781220}.Release|ARM.ActiveCfg = Release|Any CPU
		{BBCDE715-D632-4B5A-AE24-4D0C00781220}.Release|ARM.Build.0 = Release|Any CPU
		{BBCDE715-D632-4B5A-AE24-4D0C00781220}.Release|ARM64.ActiveCfg = Release|Any CPU
		{BBCDE715-D632-4B5A-AE24-4D0C00781220}.Release|ARM64.Build.0 = Release|Any CPU
		{BBCDE715-D632-4B5A-AE24-4D0C00781220}.Release|x64.ActiveCfg = Release|Any CPU
		{BBCDE715-D632-4B5A-AE24-4D0C00781220}.Release|x64.Build.0 = Release|Any CPU
		{BBCDE715-D632-4B5A-AE24-4D0C00781220}.Release|x86.ActiveCfg = Release|Any CPU
		{BBCDE715-D632-4B5A-AE24-4D0C00781220}.Release|x86.Build.0 = Release|Any CPU
		{503C1A9B-845A-41FD-9BF8-ED732AF3F7F6}.Debug|Any CPU.ActiveCfg = Debug|Any CPU
		{503C1A9B-845A-41FD-9BF8-ED732AF3F7F6}.Debug|Any CPU.Build.0 = Debug|Any CPU
		{503C1A9B-845A-41FD-9BF8-ED732AF3F7F6}.Debug|ARM.ActiveCfg = Debug|Any CPU
		{503C1A9B-845A-41FD-9BF8-ED732AF3F7F6}.Debug|ARM.Build.0 = Debug|Any CPU
		{503C1A9B-845A-41FD-9BF8-ED732AF3F7F6}.Debug|ARM64.ActiveCfg = Debug|Any CPU
		{503C1A9B-845A-41FD-9BF8-ED732AF3F7F6}.Debug|ARM64.Build.0 = Debug|Any CPU
		{503C1A9B-845A-41FD-9BF8-ED732AF3F7F6}.Debug|x64.ActiveCfg = Debug|Any CPU
		{503C1A9B-845A-41FD-9BF8-ED732AF3F7F6}.Debug|x64.Build.0 = Debug|Any CPU
		{503C1A9B-845A-41FD-9BF8-ED732AF3F7F6}.Debug|x86.ActiveCfg = Debug|Any CPU
		{503C1A9B-845A-41FD-9BF8-ED732AF3F7F6}.Debug|x86.Build.0 = Debug|Any CPU
		{503C1A9B-845A-41FD-9BF8-ED732AF3F7F6}.Release|Any CPU.ActiveCfg = Release|Any CPU
		{503C1A9B-845A-41FD-9BF8-ED732AF3F7F6}.Release|Any CPU.Build.0 = Release|Any CPU
		{503C1A9B-845A-41FD-9BF8-ED732AF3F7F6}.Release|ARM.ActiveCfg = Release|Any CPU
		{503C1A9B-845A-41FD-9BF8-ED732AF3F7F6}.Release|ARM.Build.0 = Release|Any CPU
		{503C1A9B-845A-41FD-9BF8-ED732AF3F7F6}.Release|ARM64.ActiveCfg = Release|Any CPU
		{503C1A9B-845A-41FD-9BF8-ED732AF3F7F6}.Release|ARM64.Build.0 = Release|Any CPU
		{503C1A9B-845A-41FD-9BF8-ED732AF3F7F6}.Release|x64.ActiveCfg = Release|Any CPU
		{503C1A9B-845A-41FD-9BF8-ED732AF3F7F6}.Release|x64.Build.0 = Release|Any CPU
		{503C1A9B-845A-41FD-9BF8-ED732AF3F7F6}.Release|x86.ActiveCfg = Release|Any CPU
		{503C1A9B-845A-41FD-9BF8-ED732AF3F7F6}.Release|x86.Build.0 = Release|Any CPU
		{89590B6C-1DDB-4E08-9E94-D4B7628A62A2}.Debug|Any CPU.ActiveCfg = Debug|Any CPU
		{89590B6C-1DDB-4E08-9E94-D4B7628A62A2}.Debug|Any CPU.Build.0 = Debug|Any CPU
		{89590B6C-1DDB-4E08-9E94-D4B7628A62A2}.Debug|ARM.ActiveCfg = Debug|Any CPU
		{89590B6C-1DDB-4E08-9E94-D4B7628A62A2}.Debug|ARM.Build.0 = Debug|Any CPU
		{89590B6C-1DDB-4E08-9E94-D4B7628A62A2}.Debug|ARM64.ActiveCfg = Debug|Any CPU
		{89590B6C-1DDB-4E08-9E94-D4B7628A62A2}.Debug|ARM64.Build.0 = Debug|Any CPU
		{89590B6C-1DDB-4E08-9E94-D4B7628A62A2}.Debug|x64.ActiveCfg = Debug|Any CPU
		{89590B6C-1DDB-4E08-9E94-D4B7628A62A2}.Debug|x64.Build.0 = Debug|Any CPU
		{89590B6C-1DDB-4E08-9E94-D4B7628A62A2}.Debug|x86.ActiveCfg = Debug|Any CPU
		{89590B6C-1DDB-4E08-9E94-D4B7628A62A2}.Debug|x86.Build.0 = Debug|Any CPU
		{89590B6C-1DDB-4E08-9E94-D4B7628A62A2}.Release|Any CPU.ActiveCfg = Release|Any CPU
		{89590B6C-1DDB-4E08-9E94-D4B7628A62A2}.Release|Any CPU.Build.0 = Release|Any CPU
		{89590B6C-1DDB-4E08-9E94-D4B7628A62A2}.Release|ARM.ActiveCfg = Release|Any CPU
		{89590B6C-1DDB-4E08-9E94-D4B7628A62A2}.Release|ARM.Build.0 = Release|Any CPU
		{89590B6C-1DDB-4E08-9E94-D4B7628A62A2}.Release|ARM64.ActiveCfg = Release|Any CPU
		{89590B6C-1DDB-4E08-9E94-D4B7628A62A2}.Release|ARM64.Build.0 = Release|Any CPU
		{89590B6C-1DDB-4E08-9E94-D4B7628A62A2}.Release|x64.ActiveCfg = Release|Any CPU
		{89590B6C-1DDB-4E08-9E94-D4B7628A62A2}.Release|x64.Build.0 = Release|Any CPU
		{89590B6C-1DDB-4E08-9E94-D4B7628A62A2}.Release|x86.ActiveCfg = Release|Any CPU
		{89590B6C-1DDB-4E08-9E94-D4B7628A62A2}.Release|x86.Build.0 = Release|Any CPU
		{76487E64-C821-4EBA-9CB1-19888C29228A}.Debug|Any CPU.ActiveCfg = Debug|Any CPU
		{76487E64-C821-4EBA-9CB1-19888C29228A}.Debug|Any CPU.Build.0 = Debug|Any CPU
		{76487E64-C821-4EBA-9CB1-19888C29228A}.Debug|ARM.ActiveCfg = Debug|Any CPU
		{76487E64-C821-4EBA-9CB1-19888C29228A}.Debug|ARM.Build.0 = Debug|Any CPU
		{76487E64-C821-4EBA-9CB1-19888C29228A}.Debug|ARM64.ActiveCfg = Debug|Any CPU
		{76487E64-C821-4EBA-9CB1-19888C29228A}.Debug|ARM64.Build.0 = Debug|Any CPU
		{76487E64-C821-4EBA-9CB1-19888C29228A}.Debug|x64.ActiveCfg = Debug|Any CPU
		{76487E64-C821-4EBA-9CB1-19888C29228A}.Debug|x64.Build.0 = Debug|Any CPU
		{76487E64-C821-4EBA-9CB1-19888C29228A}.Debug|x86.ActiveCfg = Debug|Any CPU
		{76487E64-C821-4EBA-9CB1-19888C29228A}.Debug|x86.Build.0 = Debug|Any CPU
		{76487E64-C821-4EBA-9CB1-19888C29228A}.Release|Any CPU.ActiveCfg = Release|Any CPU
		{76487E64-C821-4EBA-9CB1-19888C29228A}.Release|Any CPU.Build.0 = Release|Any CPU
		{76487E64-C821-4EBA-9CB1-19888C29228A}.Release|ARM.ActiveCfg = Release|Any CPU
		{76487E64-C821-4EBA-9CB1-19888C29228A}.Release|ARM.Build.0 = Release|Any CPU
		{76487E64-C821-4EBA-9CB1-19888C29228A}.Release|ARM64.ActiveCfg = Release|Any CPU
		{76487E64-C821-4EBA-9CB1-19888C29228A}.Release|ARM64.Build.0 = Release|Any CPU
		{76487E64-C821-4EBA-9CB1-19888C29228A}.Release|x64.ActiveCfg = Release|Any CPU
		{76487E64-C821-4EBA-9CB1-19888C29228A}.Release|x64.Build.0 = Release|Any CPU
		{76487E64-C821-4EBA-9CB1-19888C29228A}.Release|x86.ActiveCfg = Release|Any CPU
		{76487E64-C821-4EBA-9CB1-19888C29228A}.Release|x86.Build.0 = Release|Any CPU
		{F6045DBA-69A1-4114-AEB9-2543F03E576A}.Debug|Any CPU.ActiveCfg = Debug|Any CPU
		{F6045DBA-69A1-4114-AEB9-2543F03E576A}.Debug|Any CPU.Build.0 = Debug|Any CPU
		{F6045DBA-69A1-4114-AEB9-2543F03E576A}.Debug|ARM.ActiveCfg = Debug|Any CPU
		{F6045DBA-69A1-4114-AEB9-2543F03E576A}.Debug|ARM.Build.0 = Debug|Any CPU
		{F6045DBA-69A1-4114-AEB9-2543F03E576A}.Debug|ARM64.ActiveCfg = Debug|Any CPU
		{F6045DBA-69A1-4114-AEB9-2543F03E576A}.Debug|ARM64.Build.0 = Debug|Any CPU
		{F6045DBA-69A1-4114-AEB9-2543F03E576A}.Debug|x64.ActiveCfg = Debug|Any CPU
		{F6045DBA-69A1-4114-AEB9-2543F03E576A}.Debug|x64.Build.0 = Debug|Any CPU
		{F6045DBA-69A1-4114-AEB9-2543F03E576A}.Debug|x86.ActiveCfg = Debug|Any CPU
		{F6045DBA-69A1-4114-AEB9-2543F03E576A}.Debug|x86.Build.0 = Debug|Any CPU
		{F6045DBA-69A1-4114-AEB9-2543F03E576A}.Release|Any CPU.ActiveCfg = Release|Any CPU
		{F6045DBA-69A1-4114-AEB9-2543F03E576A}.Release|Any CPU.Build.0 = Release|Any CPU
		{F6045DBA-69A1-4114-AEB9-2543F03E576A}.Release|ARM.ActiveCfg = Release|Any CPU
		{F6045DBA-69A1-4114-AEB9-2543F03E576A}.Release|ARM.Build.0 = Release|Any CPU
		{F6045DBA-69A1-4114-AEB9-2543F03E576A}.Release|ARM64.ActiveCfg = Release|Any CPU
		{F6045DBA-69A1-4114-AEB9-2543F03E576A}.Release|ARM64.Build.0 = Release|Any CPU
		{F6045DBA-69A1-4114-AEB9-2543F03E576A}.Release|x64.ActiveCfg = Release|Any CPU
		{F6045DBA-69A1-4114-AEB9-2543F03E576A}.Release|x64.Build.0 = Release|Any CPU
		{F6045DBA-69A1-4114-AEB9-2543F03E576A}.Release|x86.ActiveCfg = Release|Any CPU
		{F6045DBA-69A1-4114-AEB9-2543F03E576A}.Release|x86.Build.0 = Release|Any CPU
		{38871480-2261-4529-A44C-1061C6EA80B7}.Debug|Any CPU.ActiveCfg = Debug|Any CPU
		{38871480-2261-4529-A44C-1061C6EA80B7}.Debug|Any CPU.Build.0 = Debug|Any CPU
		{38871480-2261-4529-A44C-1061C6EA80B7}.Debug|ARM.ActiveCfg = Debug|Any CPU
		{38871480-2261-4529-A44C-1061C6EA80B7}.Debug|ARM.Build.0 = Debug|Any CPU
		{38871480-2261-4529-A44C-1061C6EA80B7}.Debug|ARM64.ActiveCfg = Debug|Any CPU
		{38871480-2261-4529-A44C-1061C6EA80B7}.Debug|ARM64.Build.0 = Debug|Any CPU
		{38871480-2261-4529-A44C-1061C6EA80B7}.Debug|x64.ActiveCfg = Debug|Any CPU
		{38871480-2261-4529-A44C-1061C6EA80B7}.Debug|x64.Build.0 = Debug|Any CPU
		{38871480-2261-4529-A44C-1061C6EA80B7}.Debug|x86.ActiveCfg = Debug|Any CPU
		{38871480-2261-4529-A44C-1061C6EA80B7}.Debug|x86.Build.0 = Debug|Any CPU
		{38871480-2261-4529-A44C-1061C6EA80B7}.Release|Any CPU.ActiveCfg = Release|Any CPU
		{38871480-2261-4529-A44C-1061C6EA80B7}.Release|Any CPU.Build.0 = Release|Any CPU
		{38871480-2261-4529-A44C-1061C6EA80B7}.Release|ARM.ActiveCfg = Release|Any CPU
		{38871480-2261-4529-A44C-1061C6EA80B7}.Release|ARM.Build.0 = Release|Any CPU
		{38871480-2261-4529-A44C-1061C6EA80B7}.Release|ARM64.ActiveCfg = Release|Any CPU
		{38871480-2261-4529-A44C-1061C6EA80B7}.Release|ARM64.Build.0 = Release|Any CPU
		{38871480-2261-4529-A44C-1061C6EA80B7}.Release|x64.ActiveCfg = Release|Any CPU
		{38871480-2261-4529-A44C-1061C6EA80B7}.Release|x64.Build.0 = Release|Any CPU
		{38871480-2261-4529-A44C-1061C6EA80B7}.Release|x86.ActiveCfg = Release|Any CPU
		{38871480-2261-4529-A44C-1061C6EA80B7}.Release|x86.Build.0 = Release|Any CPU
		{F5D85A3A-5BCA-4BEA-BDF3-FEAACC2F584F}.Debug|Any CPU.ActiveCfg = Debug|Any CPU
		{F5D85A3A-5BCA-4BEA-BDF3-FEAACC2F584F}.Debug|Any CPU.Build.0 = Debug|Any CPU
		{F5D85A3A-5BCA-4BEA-BDF3-FEAACC2F584F}.Debug|ARM.ActiveCfg = Debug|Any CPU
		{F5D85A3A-5BCA-4BEA-BDF3-FEAACC2F584F}.Debug|ARM.Build.0 = Debug|Any CPU
		{F5D85A3A-5BCA-4BEA-BDF3-FEAACC2F584F}.Debug|ARM64.ActiveCfg = Debug|Any CPU
		{F5D85A3A-5BCA-4BEA-BDF3-FEAACC2F584F}.Debug|ARM64.Build.0 = Debug|Any CPU
		{F5D85A3A-5BCA-4BEA-BDF3-FEAACC2F584F}.Debug|x64.ActiveCfg = Debug|Any CPU
		{F5D85A3A-5BCA-4BEA-BDF3-FEAACC2F584F}.Debug|x64.Build.0 = Debug|Any CPU
		{F5D85A3A-5BCA-4BEA-BDF3-FEAACC2F584F}.Debug|x86.ActiveCfg = Debug|Any CPU
		{F5D85A3A-5BCA-4BEA-BDF3-FEAACC2F584F}.Debug|x86.Build.0 = Debug|Any CPU
		{F5D85A3A-5BCA-4BEA-BDF3-FEAACC2F584F}.Release|Any CPU.ActiveCfg = Release|Any CPU
		{F5D85A3A-5BCA-4BEA-BDF3-FEAACC2F584F}.Release|Any CPU.Build.0 = Release|Any CPU
		{F5D85A3A-5BCA-4BEA-BDF3-FEAACC2F584F}.Release|ARM.ActiveCfg = Release|Any CPU
		{F5D85A3A-5BCA-4BEA-BDF3-FEAACC2F584F}.Release|ARM.Build.0 = Release|Any CPU
		{F5D85A3A-5BCA-4BEA-BDF3-FEAACC2F584F}.Release|ARM64.ActiveCfg = Release|Any CPU
		{F5D85A3A-5BCA-4BEA-BDF3-FEAACC2F584F}.Release|ARM64.Build.0 = Release|Any CPU
		{F5D85A3A-5BCA-4BEA-BDF3-FEAACC2F584F}.Release|x64.ActiveCfg = Release|Any CPU
		{F5D85A3A-5BCA-4BEA-BDF3-FEAACC2F584F}.Release|x64.Build.0 = Release|Any CPU
		{F5D85A3A-5BCA-4BEA-BDF3-FEAACC2F584F}.Release|x86.ActiveCfg = Release|Any CPU
		{F5D85A3A-5BCA-4BEA-BDF3-FEAACC2F584F}.Release|x86.Build.0 = Release|Any CPU
		{9627D787-346F-430E-983B-F60B7610604E}.Debug|Any CPU.ActiveCfg = Debug|Any CPU
		{9627D787-346F-430E-983B-F60B7610604E}.Debug|Any CPU.Build.0 = Debug|Any CPU
		{9627D787-346F-430E-983B-F60B7610604E}.Debug|ARM.ActiveCfg = Debug|Any CPU
		{9627D787-346F-430E-983B-F60B7610604E}.Debug|ARM.Build.0 = Debug|Any CPU
		{9627D787-346F-430E-983B-F60B7610604E}.Debug|ARM64.ActiveCfg = Debug|Any CPU
		{9627D787-346F-430E-983B-F60B7610604E}.Debug|ARM64.Build.0 = Debug|Any CPU
		{9627D787-346F-430E-983B-F60B7610604E}.Debug|x64.ActiveCfg = Debug|Any CPU
		{9627D787-346F-430E-983B-F60B7610604E}.Debug|x64.Build.0 = Debug|Any CPU
		{9627D787-346F-430E-983B-F60B7610604E}.Debug|x86.ActiveCfg = Debug|Any CPU
		{9627D787-346F-430E-983B-F60B7610604E}.Debug|x86.Build.0 = Debug|Any CPU
		{9627D787-346F-430E-983B-F60B7610604E}.Release|Any CPU.ActiveCfg = Release|Any CPU
		{9627D787-346F-430E-983B-F60B7610604E}.Release|Any CPU.Build.0 = Release|Any CPU
		{9627D787-346F-430E-983B-F60B7610604E}.Release|ARM.ActiveCfg = Release|Any CPU
		{9627D787-346F-430E-983B-F60B7610604E}.Release|ARM.Build.0 = Release|Any CPU
		{9627D787-346F-430E-983B-F60B7610604E}.Release|ARM64.ActiveCfg = Release|Any CPU
		{9627D787-346F-430E-983B-F60B7610604E}.Release|ARM64.Build.0 = Release|Any CPU
		{9627D787-346F-430E-983B-F60B7610604E}.Release|x64.ActiveCfg = Release|Any CPU
		{9627D787-346F-430E-983B-F60B7610604E}.Release|x64.Build.0 = Release|Any CPU
		{9627D787-346F-430E-983B-F60B7610604E}.Release|x86.ActiveCfg = Release|Any CPU
		{9627D787-346F-430E-983B-F60B7610604E}.Release|x86.Build.0 = Release|Any CPU
		{708BAAD8-64D8-4EF5-89FB-8BDB29FDC207}.Debug|Any CPU.ActiveCfg = Debug|Any CPU
		{708BAAD8-64D8-4EF5-89FB-8BDB29FDC207}.Debug|Any CPU.Build.0 = Debug|Any CPU
		{708BAAD8-64D8-4EF5-89FB-8BDB29FDC207}.Debug|ARM.ActiveCfg = Debug|Any CPU
		{708BAAD8-64D8-4EF5-89FB-8BDB29FDC207}.Debug|ARM.Build.0 = Debug|Any CPU
		{708BAAD8-64D8-4EF5-89FB-8BDB29FDC207}.Debug|ARM64.ActiveCfg = Debug|Any CPU
		{708BAAD8-64D8-4EF5-89FB-8BDB29FDC207}.Debug|ARM64.Build.0 = Debug|Any CPU
		{708BAAD8-64D8-4EF5-89FB-8BDB29FDC207}.Debug|x64.ActiveCfg = Debug|Any CPU
		{708BAAD8-64D8-4EF5-89FB-8BDB29FDC207}.Debug|x64.Build.0 = Debug|Any CPU
		{708BAAD8-64D8-4EF5-89FB-8BDB29FDC207}.Debug|x86.ActiveCfg = Debug|Any CPU
		{708BAAD8-64D8-4EF5-89FB-8BDB29FDC207}.Debug|x86.Build.0 = Debug|Any CPU
		{708BAAD8-64D8-4EF5-89FB-8BDB29FDC207}.Release|Any CPU.ActiveCfg = Release|Any CPU
		{708BAAD8-64D8-4EF5-89FB-8BDB29FDC207}.Release|Any CPU.Build.0 = Release|Any CPU
		{708BAAD8-64D8-4EF5-89FB-8BDB29FDC207}.Release|ARM.ActiveCfg = Release|Any CPU
		{708BAAD8-64D8-4EF5-89FB-8BDB29FDC207}.Release|ARM.Build.0 = Release|Any CPU
		{708BAAD8-64D8-4EF5-89FB-8BDB29FDC207}.Release|ARM64.ActiveCfg = Release|Any CPU
		{708BAAD8-64D8-4EF5-89FB-8BDB29FDC207}.Release|ARM64.Build.0 = Release|Any CPU
		{708BAAD8-64D8-4EF5-89FB-8BDB29FDC207}.Release|x64.ActiveCfg = Release|Any CPU
		{708BAAD8-64D8-4EF5-89FB-8BDB29FDC207}.Release|x64.Build.0 = Release|Any CPU
		{708BAAD8-64D8-4EF5-89FB-8BDB29FDC207}.Release|x86.ActiveCfg = Release|Any CPU
		{708BAAD8-64D8-4EF5-89FB-8BDB29FDC207}.Release|x86.Build.0 = Release|Any CPU
		{C23183C4-E0FF-4C77-A25A-B164565BFDC1}.Debug|Any CPU.ActiveCfg = Debug|Any CPU
		{C23183C4-E0FF-4C77-A25A-B164565BFDC1}.Debug|Any CPU.Build.0 = Debug|Any CPU
		{C23183C4-E0FF-4C77-A25A-B164565BFDC1}.Debug|ARM.ActiveCfg = Debug|Any CPU
		{C23183C4-E0FF-4C77-A25A-B164565BFDC1}.Debug|ARM.Build.0 = Debug|Any CPU
		{C23183C4-E0FF-4C77-A25A-B164565BFDC1}.Debug|ARM64.ActiveCfg = Debug|Any CPU
		{C23183C4-E0FF-4C77-A25A-B164565BFDC1}.Debug|ARM64.Build.0 = Debug|Any CPU
		{C23183C4-E0FF-4C77-A25A-B164565BFDC1}.Debug|x64.ActiveCfg = Debug|Any CPU
		{C23183C4-E0FF-4C77-A25A-B164565BFDC1}.Debug|x64.Build.0 = Debug|Any CPU
		{C23183C4-E0FF-4C77-A25A-B164565BFDC1}.Debug|x86.ActiveCfg = Debug|Any CPU
		{C23183C4-E0FF-4C77-A25A-B164565BFDC1}.Debug|x86.Build.0 = Debug|Any CPU
		{C23183C4-E0FF-4C77-A25A-B164565BFDC1}.Release|Any CPU.ActiveCfg = Release|Any CPU
		{C23183C4-E0FF-4C77-A25A-B164565BFDC1}.Release|Any CPU.Build.0 = Release|Any CPU
		{C23183C4-E0FF-4C77-A25A-B164565BFDC1}.Release|ARM.ActiveCfg = Release|Any CPU
		{C23183C4-E0FF-4C77-A25A-B164565BFDC1}.Release|ARM.Build.0 = Release|Any CPU
		{C23183C4-E0FF-4C77-A25A-B164565BFDC1}.Release|ARM64.ActiveCfg = Release|Any CPU
		{C23183C4-E0FF-4C77-A25A-B164565BFDC1}.Release|ARM64.Build.0 = Release|Any CPU
		{C23183C4-E0FF-4C77-A25A-B164565BFDC1}.Release|x64.ActiveCfg = Release|Any CPU
		{C23183C4-E0FF-4C77-A25A-B164565BFDC1}.Release|x64.Build.0 = Release|Any CPU
		{C23183C4-E0FF-4C77-A25A-B164565BFDC1}.Release|x86.ActiveCfg = Release|Any CPU
		{C23183C4-E0FF-4C77-A25A-B164565BFDC1}.Release|x86.Build.0 = Release|Any CPU
		{46E7BBE3-D06F-42B8-9290-AA50B7D3D866}.Debug|Any CPU.ActiveCfg = Debug|Any CPU
		{46E7BBE3-D06F-42B8-9290-AA50B7D3D866}.Debug|Any CPU.Build.0 = Debug|Any CPU
		{46E7BBE3-D06F-42B8-9290-AA50B7D3D866}.Debug|ARM.ActiveCfg = Debug|Any CPU
		{46E7BBE3-D06F-42B8-9290-AA50B7D3D866}.Debug|ARM.Build.0 = Debug|Any CPU
		{46E7BBE3-D06F-42B8-9290-AA50B7D3D866}.Debug|ARM64.ActiveCfg = Debug|Any CPU
		{46E7BBE3-D06F-42B8-9290-AA50B7D3D866}.Debug|ARM64.Build.0 = Debug|Any CPU
		{46E7BBE3-D06F-42B8-9290-AA50B7D3D866}.Debug|x64.ActiveCfg = Debug|Any CPU
		{46E7BBE3-D06F-42B8-9290-AA50B7D3D866}.Debug|x64.Build.0 = Debug|Any CPU
		{46E7BBE3-D06F-42B8-9290-AA50B7D3D866}.Debug|x86.ActiveCfg = Debug|Any CPU
		{46E7BBE3-D06F-42B8-9290-AA50B7D3D866}.Debug|x86.Build.0 = Debug|Any CPU
		{46E7BBE3-D06F-42B8-9290-AA50B7D3D866}.Release|Any CPU.ActiveCfg = Release|Any CPU
		{46E7BBE3-D06F-42B8-9290-AA50B7D3D866}.Release|Any CPU.Build.0 = Release|Any CPU
		{46E7BBE3-D06F-42B8-9290-AA50B7D3D866}.Release|ARM.ActiveCfg = Release|Any CPU
		{46E7BBE3-D06F-42B8-9290-AA50B7D3D866}.Release|ARM.Build.0 = Release|Any CPU
		{46E7BBE3-D06F-42B8-9290-AA50B7D3D866}.Release|ARM64.ActiveCfg = Release|Any CPU
		{46E7BBE3-D06F-42B8-9290-AA50B7D3D866}.Release|ARM64.Build.0 = Release|Any CPU
		{46E7BBE3-D06F-42B8-9290-AA50B7D3D866}.Release|x64.ActiveCfg = Release|Any CPU
		{46E7BBE3-D06F-42B8-9290-AA50B7D3D866}.Release|x64.Build.0 = Release|Any CPU
		{46E7BBE3-D06F-42B8-9290-AA50B7D3D866}.Release|x86.ActiveCfg = Release|Any CPU
		{46E7BBE3-D06F-42B8-9290-AA50B7D3D866}.Release|x86.Build.0 = Release|Any CPU
		{001D75E9-F471-46E8-A5A3-1F3F9BEA873C}.Debug|Any CPU.ActiveCfg = Debug|Any CPU
		{001D75E9-F471-46E8-A5A3-1F3F9BEA873C}.Debug|Any CPU.Build.0 = Debug|Any CPU
		{001D75E9-F471-46E8-A5A3-1F3F9BEA873C}.Debug|ARM.ActiveCfg = Debug|Any CPU
		{001D75E9-F471-46E8-A5A3-1F3F9BEA873C}.Debug|ARM.Build.0 = Debug|Any CPU
		{001D75E9-F471-46E8-A5A3-1F3F9BEA873C}.Debug|ARM64.ActiveCfg = Debug|Any CPU
		{001D75E9-F471-46E8-A5A3-1F3F9BEA873C}.Debug|ARM64.Build.0 = Debug|Any CPU
		{001D75E9-F471-46E8-A5A3-1F3F9BEA873C}.Debug|x64.ActiveCfg = Debug|Any CPU
		{001D75E9-F471-46E8-A5A3-1F3F9BEA873C}.Debug|x64.Build.0 = Debug|Any CPU
		{001D75E9-F471-46E8-A5A3-1F3F9BEA873C}.Debug|x86.ActiveCfg = Debug|Any CPU
		{001D75E9-F471-46E8-A5A3-1F3F9BEA873C}.Debug|x86.Build.0 = Debug|Any CPU
		{001D75E9-F471-46E8-A5A3-1F3F9BEA873C}.Release|Any CPU.ActiveCfg = Release|Any CPU
		{001D75E9-F471-46E8-A5A3-1F3F9BEA873C}.Release|Any CPU.Build.0 = Release|Any CPU
		{001D75E9-F471-46E8-A5A3-1F3F9BEA873C}.Release|ARM.ActiveCfg = Release|Any CPU
		{001D75E9-F471-46E8-A5A3-1F3F9BEA873C}.Release|ARM.Build.0 = Release|Any CPU
		{001D75E9-F471-46E8-A5A3-1F3F9BEA873C}.Release|ARM64.ActiveCfg = Release|Any CPU
		{001D75E9-F471-46E8-A5A3-1F3F9BEA873C}.Release|ARM64.Build.0 = Release|Any CPU
		{001D75E9-F471-46E8-A5A3-1F3F9BEA873C}.Release|x64.ActiveCfg = Release|Any CPU
		{001D75E9-F471-46E8-A5A3-1F3F9BEA873C}.Release|x64.Build.0 = Release|Any CPU
		{001D75E9-F471-46E8-A5A3-1F3F9BEA873C}.Release|x86.ActiveCfg = Release|Any CPU
		{001D75E9-F471-46E8-A5A3-1F3F9BEA873C}.Release|x86.Build.0 = Release|Any CPU
		{33F944EB-8BF2-4264-B887-DEFE2F00CD03}.Debug|Any CPU.ActiveCfg = Debug|Any CPU
		{33F944EB-8BF2-4264-B887-DEFE2F00CD03}.Debug|Any CPU.Build.0 = Debug|Any CPU
		{33F944EB-8BF2-4264-B887-DEFE2F00CD03}.Debug|ARM.ActiveCfg = Debug|Any CPU
		{33F944EB-8BF2-4264-B887-DEFE2F00CD03}.Debug|ARM.Build.0 = Debug|Any CPU
		{33F944EB-8BF2-4264-B887-DEFE2F00CD03}.Debug|ARM64.ActiveCfg = Debug|Any CPU
		{33F944EB-8BF2-4264-B887-DEFE2F00CD03}.Debug|ARM64.Build.0 = Debug|Any CPU
		{33F944EB-8BF2-4264-B887-DEFE2F00CD03}.Debug|x64.ActiveCfg = Debug|Any CPU
		{33F944EB-8BF2-4264-B887-DEFE2F00CD03}.Debug|x64.Build.0 = Debug|Any CPU
		{33F944EB-8BF2-4264-B887-DEFE2F00CD03}.Debug|x86.ActiveCfg = Debug|Any CPU
		{33F944EB-8BF2-4264-B887-DEFE2F00CD03}.Debug|x86.Build.0 = Debug|Any CPU
		{33F944EB-8BF2-4264-B887-DEFE2F00CD03}.Release|Any CPU.ActiveCfg = Release|Any CPU
		{33F944EB-8BF2-4264-B887-DEFE2F00CD03}.Release|Any CPU.Build.0 = Release|Any CPU
		{33F944EB-8BF2-4264-B887-DEFE2F00CD03}.Release|ARM.ActiveCfg = Release|Any CPU
		{33F944EB-8BF2-4264-B887-DEFE2F00CD03}.Release|ARM.Build.0 = Release|Any CPU
		{33F944EB-8BF2-4264-B887-DEFE2F00CD03}.Release|ARM64.ActiveCfg = Release|Any CPU
		{33F944EB-8BF2-4264-B887-DEFE2F00CD03}.Release|ARM64.Build.0 = Release|Any CPU
		{33F944EB-8BF2-4264-B887-DEFE2F00CD03}.Release|x64.ActiveCfg = Release|Any CPU
		{33F944EB-8BF2-4264-B887-DEFE2F00CD03}.Release|x64.Build.0 = Release|Any CPU
		{33F944EB-8BF2-4264-B887-DEFE2F00CD03}.Release|x86.ActiveCfg = Release|Any CPU
		{33F944EB-8BF2-4264-B887-DEFE2F00CD03}.Release|x86.Build.0 = Release|Any CPU
		{A6F68BE5-079B-4F41-9645-5F30DB8A9846}.Debug|Any CPU.ActiveCfg = Debug|Any CPU
		{A6F68BE5-079B-4F41-9645-5F30DB8A9846}.Debug|Any CPU.Build.0 = Debug|Any CPU
		{A6F68BE5-079B-4F41-9645-5F30DB8A9846}.Debug|ARM.ActiveCfg = Debug|Any CPU
		{A6F68BE5-079B-4F41-9645-5F30DB8A9846}.Debug|ARM.Build.0 = Debug|Any CPU
		{A6F68BE5-079B-4F41-9645-5F30DB8A9846}.Debug|ARM64.ActiveCfg = Debug|Any CPU
		{A6F68BE5-079B-4F41-9645-5F30DB8A9846}.Debug|ARM64.Build.0 = Debug|Any CPU
		{A6F68BE5-079B-4F41-9645-5F30DB8A9846}.Debug|x64.ActiveCfg = Debug|Any CPU
		{A6F68BE5-079B-4F41-9645-5F30DB8A9846}.Debug|x64.Build.0 = Debug|Any CPU
		{A6F68BE5-079B-4F41-9645-5F30DB8A9846}.Debug|x86.ActiveCfg = Debug|Any CPU
		{A6F68BE5-079B-4F41-9645-5F30DB8A9846}.Debug|x86.Build.0 = Debug|Any CPU
		{A6F68BE5-079B-4F41-9645-5F30DB8A9846}.Release|Any CPU.ActiveCfg = Release|Any CPU
		{A6F68BE5-079B-4F41-9645-5F30DB8A9846}.Release|Any CPU.Build.0 = Release|Any CPU
		{A6F68BE5-079B-4F41-9645-5F30DB8A9846}.Release|ARM.ActiveCfg = Release|Any CPU
		{A6F68BE5-079B-4F41-9645-5F30DB8A9846}.Release|ARM.Build.0 = Release|Any CPU
		{A6F68BE5-079B-4F41-9645-5F30DB8A9846}.Release|ARM64.ActiveCfg = Release|Any CPU
		{A6F68BE5-079B-4F41-9645-5F30DB8A9846}.Release|ARM64.Build.0 = Release|Any CPU
		{A6F68BE5-079B-4F41-9645-5F30DB8A9846}.Release|x64.ActiveCfg = Release|Any CPU
		{A6F68BE5-079B-4F41-9645-5F30DB8A9846}.Release|x64.Build.0 = Release|Any CPU
		{A6F68BE5-079B-4F41-9645-5F30DB8A9846}.Release|x86.ActiveCfg = Release|Any CPU
		{A6F68BE5-079B-4F41-9645-5F30DB8A9846}.Release|x86.Build.0 = Release|Any CPU
		{C559D8A2-7614-40D4-B713-FBFF0AAADEA9}.Debug|Any CPU.ActiveCfg = Debug|Any CPU
		{C559D8A2-7614-40D4-B713-FBFF0AAADEA9}.Debug|Any CPU.Build.0 = Debug|Any CPU
		{C559D8A2-7614-40D4-B713-FBFF0AAADEA9}.Debug|ARM.ActiveCfg = Debug|Any CPU
		{C559D8A2-7614-40D4-B713-FBFF0AAADEA9}.Debug|ARM.Build.0 = Debug|Any CPU
		{C559D8A2-7614-40D4-B713-FBFF0AAADEA9}.Debug|ARM64.ActiveCfg = Debug|Any CPU
		{C559D8A2-7614-40D4-B713-FBFF0AAADEA9}.Debug|ARM64.Build.0 = Debug|Any CPU
		{C559D8A2-7614-40D4-B713-FBFF0AAADEA9}.Debug|x64.ActiveCfg = Debug|Any CPU
		{C559D8A2-7614-40D4-B713-FBFF0AAADEA9}.Debug|x64.Build.0 = Debug|Any CPU
		{C559D8A2-7614-40D4-B713-FBFF0AAADEA9}.Debug|x86.ActiveCfg = Debug|Any CPU
		{C559D8A2-7614-40D4-B713-FBFF0AAADEA9}.Debug|x86.Build.0 = Debug|Any CPU
		{C559D8A2-7614-40D4-B713-FBFF0AAADEA9}.Release|Any CPU.ActiveCfg = Release|Any CPU
		{C559D8A2-7614-40D4-B713-FBFF0AAADEA9}.Release|Any CPU.Build.0 = Release|Any CPU
		{C559D8A2-7614-40D4-B713-FBFF0AAADEA9}.Release|ARM.ActiveCfg = Release|Any CPU
		{C559D8A2-7614-40D4-B713-FBFF0AAADEA9}.Release|ARM.Build.0 = Release|Any CPU
		{C559D8A2-7614-40D4-B713-FBFF0AAADEA9}.Release|ARM64.ActiveCfg = Release|Any CPU
		{C559D8A2-7614-40D4-B713-FBFF0AAADEA9}.Release|ARM64.Build.0 = Release|Any CPU
		{C559D8A2-7614-40D4-B713-FBFF0AAADEA9}.Release|x64.ActiveCfg = Release|Any CPU
		{C559D8A2-7614-40D4-B713-FBFF0AAADEA9}.Release|x64.Build.0 = Release|Any CPU
		{C559D8A2-7614-40D4-B713-FBFF0AAADEA9}.Release|x86.ActiveCfg = Release|Any CPU
		{C559D8A2-7614-40D4-B713-FBFF0AAADEA9}.Release|x86.Build.0 = Release|Any CPU
		{2C661994-B976-436F-916A-80ED26F63B57}.Debug|Any CPU.ActiveCfg = Debug|Any CPU
		{2C661994-B976-436F-916A-80ED26F63B57}.Debug|Any CPU.Build.0 = Debug|Any CPU
		{2C661994-B976-436F-916A-80ED26F63B57}.Debug|ARM.ActiveCfg = Debug|Any CPU
		{2C661994-B976-436F-916A-80ED26F63B57}.Debug|ARM.Build.0 = Debug|Any CPU
		{2C661994-B976-436F-916A-80ED26F63B57}.Debug|ARM64.ActiveCfg = Debug|Any CPU
		{2C661994-B976-436F-916A-80ED26F63B57}.Debug|ARM64.Build.0 = Debug|Any CPU
		{2C661994-B976-436F-916A-80ED26F63B57}.Debug|x64.ActiveCfg = Debug|Any CPU
		{2C661994-B976-436F-916A-80ED26F63B57}.Debug|x64.Build.0 = Debug|Any CPU
		{2C661994-B976-436F-916A-80ED26F63B57}.Debug|x86.ActiveCfg = Debug|Any CPU
		{2C661994-B976-436F-916A-80ED26F63B57}.Debug|x86.Build.0 = Debug|Any CPU
		{2C661994-B976-436F-916A-80ED26F63B57}.Release|Any CPU.ActiveCfg = Release|Any CPU
		{2C661994-B976-436F-916A-80ED26F63B57}.Release|Any CPU.Build.0 = Release|Any CPU
		{2C661994-B976-436F-916A-80ED26F63B57}.Release|ARM.ActiveCfg = Release|Any CPU
		{2C661994-B976-436F-916A-80ED26F63B57}.Release|ARM.Build.0 = Release|Any CPU
		{2C661994-B976-436F-916A-80ED26F63B57}.Release|ARM64.ActiveCfg = Release|Any CPU
		{2C661994-B976-436F-916A-80ED26F63B57}.Release|ARM64.Build.0 = Release|Any CPU
		{2C661994-B976-436F-916A-80ED26F63B57}.Release|x64.ActiveCfg = Release|Any CPU
		{2C661994-B976-436F-916A-80ED26F63B57}.Release|x64.Build.0 = Release|Any CPU
		{2C661994-B976-436F-916A-80ED26F63B57}.Release|x86.ActiveCfg = Release|Any CPU
		{2C661994-B976-436F-916A-80ED26F63B57}.Release|x86.Build.0 = Release|Any CPU
		{4A603C16-4B3A-42D5-A68D-CD2BF4AA01C1}.Debug|Any CPU.ActiveCfg = Debug|Any CPU
		{4A603C16-4B3A-42D5-A68D-CD2BF4AA01C1}.Debug|Any CPU.Build.0 = Debug|Any CPU
		{4A603C16-4B3A-42D5-A68D-CD2BF4AA01C1}.Debug|ARM.ActiveCfg = Debug|Any CPU
		{4A603C16-4B3A-42D5-A68D-CD2BF4AA01C1}.Debug|ARM.Build.0 = Debug|Any CPU
		{4A603C16-4B3A-42D5-A68D-CD2BF4AA01C1}.Debug|ARM64.ActiveCfg = Debug|Any CPU
		{4A603C16-4B3A-42D5-A68D-CD2BF4AA01C1}.Debug|ARM64.Build.0 = Debug|Any CPU
		{4A603C16-4B3A-42D5-A68D-CD2BF4AA01C1}.Debug|x64.ActiveCfg = Debug|Any CPU
		{4A603C16-4B3A-42D5-A68D-CD2BF4AA01C1}.Debug|x64.Build.0 = Debug|Any CPU
		{4A603C16-4B3A-42D5-A68D-CD2BF4AA01C1}.Debug|x86.ActiveCfg = Debug|Any CPU
		{4A603C16-4B3A-42D5-A68D-CD2BF4AA01C1}.Debug|x86.Build.0 = Debug|Any CPU
		{4A603C16-4B3A-42D5-A68D-CD2BF4AA01C1}.Release|Any CPU.ActiveCfg = Release|Any CPU
		{4A603C16-4B3A-42D5-A68D-CD2BF4AA01C1}.Release|Any CPU.Build.0 = Release|Any CPU
		{4A603C16-4B3A-42D5-A68D-CD2BF4AA01C1}.Release|ARM.ActiveCfg = Release|Any CPU
		{4A603C16-4B3A-42D5-A68D-CD2BF4AA01C1}.Release|ARM.Build.0 = Release|Any CPU
		{4A603C16-4B3A-42D5-A68D-CD2BF4AA01C1}.Release|ARM64.ActiveCfg = Release|Any CPU
		{4A603C16-4B3A-42D5-A68D-CD2BF4AA01C1}.Release|ARM64.Build.0 = Release|Any CPU
		{4A603C16-4B3A-42D5-A68D-CD2BF4AA01C1}.Release|x64.ActiveCfg = Release|Any CPU
		{4A603C16-4B3A-42D5-A68D-CD2BF4AA01C1}.Release|x64.Build.0 = Release|Any CPU
		{4A603C16-4B3A-42D5-A68D-CD2BF4AA01C1}.Release|x86.ActiveCfg = Release|Any CPU
		{4A603C16-4B3A-42D5-A68D-CD2BF4AA01C1}.Release|x86.Build.0 = Release|Any CPU
	EndGlobalSection
	GlobalSection(SolutionProperties) = preSolution
		HideSolutionNode = FALSE
	EndGlobalSection
	GlobalSection(NestedProjects) = preSolution
		{0BAE0808-2372-4B4D-8438-B07D8803D5B2} = {861A9732-0DD2-43BF-9DA9-6529961C58D5}
		{89590B6C-1DDB-4E08-9E94-D4B7628A62A2} = {861A9732-0DD2-43BF-9DA9-6529961C58D5}
		{F6045DBA-69A1-4114-AEB9-2543F03E576A} = {861A9732-0DD2-43BF-9DA9-6529961C58D5}
		{F5D85A3A-5BCA-4BEA-BDF3-FEAACC2F584F} = {861A9732-0DD2-43BF-9DA9-6529961C58D5}
		{33F944EB-8BF2-4264-B887-DEFE2F00CD03} = {861A9732-0DD2-43BF-9DA9-6529961C58D5}
		{708BAAD8-64D8-4EF5-89FB-8BDB29FDC207} = {861A9732-0DD2-43BF-9DA9-6529961C58D5}
		{A6F68BE5-079B-4F41-9645-5F30DB8A9846} = {66399567-4C78-4AA1-9130-84966258AEEE}
		{C559D8A2-7614-40D4-B713-FBFF0AAADEA9} = {66399567-4C78-4AA1-9130-84966258AEEE}
		{2C661994-B976-436F-916A-80ED26F63B57} = {66399567-4C78-4AA1-9130-84966258AEEE}
		{4A603C16-4B3A-42D5-A68D-CD2BF4AA01C1} = {861A9732-0DD2-43BF-9DA9-6529961C58D5}
	EndGlobalSection
	GlobalSection(ExtensibilityGlobals) = postSolution
		SolutionGuid = {A84E1AF7-BEBB-47F9-A917-8373C7F0D39E}
	EndGlobalSection
EndGlobal
