
Microsoft Visual Studio Solution File, Format Version 12.00
# Visual Studio Version 16
VisualStudioVersion = 16.0.30803.129
MinimumVisualStudioVersion = 10.0.40219.1
Project("{9A19103F-16F7-4668-BE54-9A1E7A4F7556}") = "Ploch.Common", "src\Common\Ploch.Common.csproj", "{2B936120-F5A3-4955-8F63-925B8BC82F6D}"
EndProject
Project("{9A19103F-16F7-4668-BE54-9A1E7A4F7556}") = "Ploch.TestingSupport", "src\TestingSupport\Ploch.TestingSupport.csproj", "{BBCDE715-D632-4B5A-AE24-4D0C00781220}"
EndProject
Project("{9A19103F-16F7-4668-BE54-9A1E7A4F7556}") = "Ploch.TestingSupport.UnityContainer", "src\TestingSupport.UnityContainer\Ploch.TestingSupport.UnityContainer.csproj", "{AE82D00B-9802-43EA-B182-17C2711B8276}"
EndProject
Project("{9A19103F-16F7-4668-BE54-9A1E7A4F7556}") = "Ploch.TestingSupport.Xunit", "src\TestingSupport.Xunit\Ploch.TestingSupport.Xunit.csproj", "{503C1A9B-845A-41FD-9BF8-ED732AF3F7F6}"
EndProject
Project("{2150E333-8FDC-42A3-9474-1A3956D46DE8}") = "ConsoleApplication", "ConsoleApplication", "{0C2791BD-57C5-4A13-BB60-A736E1621020}"
EndProject
Project("{9A19103F-16F7-4668-BE54-9A1E7A4F7556}") = "Ploch.Common.ConsoleApplication.Core", "src\Common.ConsoleApplication\ConsoleApplication.Core\Ploch.Common.ConsoleApplication.Core.csproj", "{8B189272-0EF0-4597-82E6-D7746AEDE21B}"
EndProject
Project("{9A19103F-16F7-4668-BE54-9A1E7A4F7556}") = "Ploch.Common.ConsoleApplication.Runner", "src\Common.ConsoleApplication\ConsoleAppication.Runner\Ploch.Common.ConsoleApplication.Runner.csproj", "{C9321E08-60FC-47D8-9D6C-3A645739633B}"
EndProject
Project("{9A19103F-16F7-4668-BE54-9A1E7A4F7556}") = "Ploch.Common.ConsoleApplication.ExtendedOutput", "src\Common.ConsoleApplication\ConsoleApplication.ExtendedOutput\Ploch.Common.ConsoleApplication.ExtendedOutput.csproj", "{A5ACA8A5-1D45-44E5-A4A2-6097776A4E0A}"
EndProject
Project("{9A19103F-16F7-4668-BE54-9A1E7A4F7556}") = "Ploch.Common.ConsoleApplication.Runner.Tests", "src\Common.ConsoleApplication\ConsoleApplication.Runner.Tests\Ploch.Common.ConsoleApplication.Runner.Tests.csproj", "{904663EA-6C91-48DC-B96B-0F0AA4F18A7F}"
EndProject
Project("{2150E333-8FDC-42A3-9474-1A3956D46DE8}") = "Solution Items", "Solution Items", "{424C8A1B-0D42-46ED-A5A1-1C6331DE938D}"
EndProject
Project("{9A19103F-16F7-4668-BE54-9A1E7A4F7556}") = "Ploch.Common.Tests", "src\Common.Tests\Ploch.Common.Tests.csproj", "{9D168B5D-3EDB-44AA-8B95-2793CC83DDBE}"
EndProject
Project("{2150E333-8FDC-42A3-9474-1A3956D46DE8}") = "FileSystemTools", "FileSystemTools", "{224BF28B-2D7B-4297-88B2-130CE98B71FF}"
EndProject
Project("{9A19103F-16F7-4668-BE54-9A1E7A4F7556}") = "Ploch.Tools.AppProfiles.Model", "src\Tools\Tools.AppProfiles\Model\Ploch.Tools.AppProfiles.Model.csproj", "{BB01FA1E-E536-408F-8678-5706F0A00AAC}"
EndProject
Project("{9A19103F-16F7-4668-BE54-9A1E7A4F7556}") = "Ploch.Tools.AppProfiles.UI.ConsoleApp", "src\Tools\Tools.AppProfiles\UI\ConsoleApp\Ploch.Tools.AppProfiles.UI.ConsoleApp.csproj", "{6CDF0E90-2E14-462D-8100-203ABE573028}"
EndProject
Project("{2150E333-8FDC-42A3-9474-1A3956D46DE8}") = "AppProfiles", "AppProfiles", "{A41D4C1A-B576-4046-AC69-977CA471F915}"
EndProject
Project("{9A19103F-16F7-4668-BE54-9A1E7A4F7556}") = "Ploch.Tools.FileSystem.UI.ConsoleApp", "src\Tools\Tools.FileSystem\UI\ConsoleApp\Ploch.Tools.FileSystem.UI.ConsoleApp.csproj", "{97C88DA8-4AA2-49EC-8D93-D9D40A77C0DB}"
EndProject
Project("{9A19103F-16F7-4668-BE54-9A1E7A4F7556}") = "Ploch.Tools.FileSystem.Models", "src\Tools\Tools.FileSystem\Models\Ploch.Tools.FileSystem.Models.csproj", "{045E3313-886D-42F1-96C9-6119DA37FDCC}"
EndProject
Project("{9A19103F-16F7-4668-BE54-9A1E7A4F7556}") = "Ploch.Common.DependencyInjection", "src\Common.DependencyInjection\Ploch.Common.DependencyInjection.csproj", "{5A67E38E-2CBE-48F0-A0C8-A4B42C85CC65}"
EndProject
Project("{9A19103F-16F7-4668-BE54-9A1E7A4F7556}") = "Ploch.Common.DependencyInjection.Tests", "src\Common.DependencyInjection.Tests\Ploch.Common.DependencyInjection.Tests.csproj", "{5C345BC9-2B8C-4B9C-B2A5-6442BFA978AE}"
EndProject
Project("{9A19103F-16F7-4668-BE54-9A1E7A4F7556}") = "Ploch.Common.DependencyInjection.Autofac", "src\Common.DependencyInjection.Autofac\Ploch.Common.DependencyInjection.Autofac.csproj", "{61C21D83-8AB0-4119-A1E8-4A9178AA4C8D}"
EndProject
Project("{9A19103F-16F7-4668-BE54-9A1E7A4F7556}") = "Ploch.Common.Windows.SystemTools", "src\Common.Windows.SystemTools\Ploch.Common.Windows.SystemTools.csproj", "{E7619801-EB2D-4C55-B5F9-CF81783A1576}"
EndProject
Project("{9A19103F-16F7-4668-BE54-9A1E7A4F7556}") = "Ploch.Common.ConsoleApplication.DependencyInjection.Unity", "src\Common.ConsoleApplication\ConsoleApplication.DependencyInjection.Unity\Ploch.Common.ConsoleApplication.DependencyInjection.Unity.csproj", "{68F57AA3-A16C-4F3E-89DD-4A85DE6EEA61}"
EndProject
Project("{FAE04EC0-301F-11D3-BF4B-00C04F79EFBC}") = "Ploch.Common.ConsoleApplication.DependencyInjection.Unity.Tests", "src\Common.ConsoleApplication\ConsoleApplication.DependencyInjection.Unity.Tests\Ploch.Common.ConsoleApplication.DependencyInjection.Unity.Tests.csproj", "{FADB6CBC-D457-46A1-A81C-D92C9FBAA210}"
EndProject
Project("{FAE04EC0-301F-11D3-BF4B-00C04F79EFBC}") = "Ploch.Common.DependencyInjection.Autofac.Tests", "src\Common.DependencyInjection.Autofac.Tests\Ploch.Common.DependencyInjection.Autofac.Tests.csproj", "{F66FBD69-7801-48FD-AA82-7C6C2FA272DD}"
EndProject
Project("{FAE04EC0-301F-11D3-BF4B-00C04F79EFBC}") = "Ploch.Common.ConsoleApplication.DependencyInjection.Autofac", "Ploch.Common.ConsoleApplication.DependencyInjection.Autofac\Ploch.Common.ConsoleApplication.DependencyInjection.Autofac.csproj", "{8F9F16C0-5473-4AB2-9644-0CD95D767762}"
EndProject
Global
	GlobalSection(SolutionConfigurationPlatforms) = preSolution
		Debug|Any CPU = Debug|Any CPU
		Debug|x64 = Debug|x64
		Release|Any CPU = Release|Any CPU
		Release|x64 = Release|x64
	EndGlobalSection
	GlobalSection(ProjectConfigurationPlatforms) = postSolution
		{2B936120-F5A3-4955-8F63-925B8BC82F6D}.Debug|Any CPU.ActiveCfg = Debug|Any CPU
		{2B936120-F5A3-4955-8F63-925B8BC82F6D}.Debug|Any CPU.Build.0 = Debug|Any CPU
		{2B936120-F5A3-4955-8F63-925B8BC82F6D}.Debug|x64.ActiveCfg = Debug|Any CPU
		{2B936120-F5A3-4955-8F63-925B8BC82F6D}.Debug|x64.Build.0 = Debug|Any CPU
		{2B936120-F5A3-4955-8F63-925B8BC82F6D}.Release|Any CPU.ActiveCfg = Release|Any CPU
		{2B936120-F5A3-4955-8F63-925B8BC82F6D}.Release|Any CPU.Build.0 = Release|Any CPU
		{2B936120-F5A3-4955-8F63-925B8BC82F6D}.Release|x64.ActiveCfg = Release|Any CPU
		{2B936120-F5A3-4955-8F63-925B8BC82F6D}.Release|x64.Build.0 = Release|Any CPU
		{BBCDE715-D632-4B5A-AE24-4D0C00781220}.Debug|Any CPU.ActiveCfg = Debug|Any CPU
		{BBCDE715-D632-4B5A-AE24-4D0C00781220}.Debug|Any CPU.Build.0 = Debug|Any CPU
		{BBCDE715-D632-4B5A-AE24-4D0C00781220}.Debug|x64.ActiveCfg = Debug|Any CPU
		{BBCDE715-D632-4B5A-AE24-4D0C00781220}.Debug|x64.Build.0 = Debug|Any CPU
		{BBCDE715-D632-4B5A-AE24-4D0C00781220}.Release|Any CPU.ActiveCfg = Release|Any CPU
		{BBCDE715-D632-4B5A-AE24-4D0C00781220}.Release|Any CPU.Build.0 = Release|Any CPU
		{BBCDE715-D632-4B5A-AE24-4D0C00781220}.Release|x64.ActiveCfg = Release|Any CPU
		{BBCDE715-D632-4B5A-AE24-4D0C00781220}.Release|x64.Build.0 = Release|Any CPU
		{AE82D00B-9802-43EA-B182-17C2711B8276}.Debug|Any CPU.ActiveCfg = Debug|Any CPU
		{AE82D00B-9802-43EA-B182-17C2711B8276}.Debug|Any CPU.Build.0 = Debug|Any CPU
		{AE82D00B-9802-43EA-B182-17C2711B8276}.Debug|x64.ActiveCfg = Debug|Any CPU
		{AE82D00B-9802-43EA-B182-17C2711B8276}.Debug|x64.Build.0 = Debug|Any CPU
		{AE82D00B-9802-43EA-B182-17C2711B8276}.Release|Any CPU.ActiveCfg = Release|Any CPU
		{AE82D00B-9802-43EA-B182-17C2711B8276}.Release|Any CPU.Build.0 = Release|Any CPU
		{AE82D00B-9802-43EA-B182-17C2711B8276}.Release|x64.ActiveCfg = Release|Any CPU
		{AE82D00B-9802-43EA-B182-17C2711B8276}.Release|x64.Build.0 = Release|Any CPU
		{503C1A9B-845A-41FD-9BF8-ED732AF3F7F6}.Debug|Any CPU.ActiveCfg = Debug|Any CPU
		{503C1A9B-845A-41FD-9BF8-ED732AF3F7F6}.Debug|Any CPU.Build.0 = Debug|Any CPU
		{503C1A9B-845A-41FD-9BF8-ED732AF3F7F6}.Debug|x64.ActiveCfg = Debug|Any CPU
		{503C1A9B-845A-41FD-9BF8-ED732AF3F7F6}.Debug|x64.Build.0 = Debug|Any CPU
		{503C1A9B-845A-41FD-9BF8-ED732AF3F7F6}.Release|Any CPU.ActiveCfg = Release|Any CPU
		{503C1A9B-845A-41FD-9BF8-ED732AF3F7F6}.Release|Any CPU.Build.0 = Release|Any CPU
		{503C1A9B-845A-41FD-9BF8-ED732AF3F7F6}.Release|x64.ActiveCfg = Release|Any CPU
		{503C1A9B-845A-41FD-9BF8-ED732AF3F7F6}.Release|x64.Build.0 = Release|Any CPU
		{8B189272-0EF0-4597-82E6-D7746AEDE21B}.Debug|Any CPU.ActiveCfg = Debug|Any CPU
		{8B189272-0EF0-4597-82E6-D7746AEDE21B}.Debug|Any CPU.Build.0 = Debug|Any CPU
		{8B189272-0EF0-4597-82E6-D7746AEDE21B}.Debug|x64.ActiveCfg = Debug|Any CPU
		{8B189272-0EF0-4597-82E6-D7746AEDE21B}.Debug|x64.Build.0 = Debug|Any CPU
		{8B189272-0EF0-4597-82E6-D7746AEDE21B}.Release|Any CPU.ActiveCfg = Release|Any CPU
		{8B189272-0EF0-4597-82E6-D7746AEDE21B}.Release|Any CPU.Build.0 = Release|Any CPU
		{8B189272-0EF0-4597-82E6-D7746AEDE21B}.Release|x64.ActiveCfg = Release|Any CPU
		{8B189272-0EF0-4597-82E6-D7746AEDE21B}.Release|x64.Build.0 = Release|Any CPU
		{C9321E08-60FC-47D8-9D6C-3A645739633B}.Debug|Any CPU.ActiveCfg = Debug|Any CPU
		{C9321E08-60FC-47D8-9D6C-3A645739633B}.Debug|Any CPU.Build.0 = Debug|Any CPU
		{C9321E08-60FC-47D8-9D6C-3A645739633B}.Debug|x64.ActiveCfg = Debug|Any CPU
		{C9321E08-60FC-47D8-9D6C-3A645739633B}.Debug|x64.Build.0 = Debug|Any CPU
		{C9321E08-60FC-47D8-9D6C-3A645739633B}.Release|Any CPU.ActiveCfg = Release|Any CPU
		{C9321E08-60FC-47D8-9D6C-3A645739633B}.Release|Any CPU.Build.0 = Release|Any CPU
		{C9321E08-60FC-47D8-9D6C-3A645739633B}.Release|x64.ActiveCfg = Release|Any CPU
		{C9321E08-60FC-47D8-9D6C-3A645739633B}.Release|x64.Build.0 = Release|Any CPU
		{A5ACA8A5-1D45-44E5-A4A2-6097776A4E0A}.Debug|Any CPU.ActiveCfg = Debug|Any CPU
		{A5ACA8A5-1D45-44E5-A4A2-6097776A4E0A}.Debug|Any CPU.Build.0 = Debug|Any CPU
		{A5ACA8A5-1D45-44E5-A4A2-6097776A4E0A}.Debug|x64.ActiveCfg = Debug|Any CPU
		{A5ACA8A5-1D45-44E5-A4A2-6097776A4E0A}.Debug|x64.Build.0 = Debug|Any CPU
		{A5ACA8A5-1D45-44E5-A4A2-6097776A4E0A}.Release|Any CPU.ActiveCfg = Release|Any CPU
		{A5ACA8A5-1D45-44E5-A4A2-6097776A4E0A}.Release|Any CPU.Build.0 = Release|Any CPU
		{A5ACA8A5-1D45-44E5-A4A2-6097776A4E0A}.Release|x64.ActiveCfg = Release|Any CPU
		{A5ACA8A5-1D45-44E5-A4A2-6097776A4E0A}.Release|x64.Build.0 = Release|Any CPU
		{904663EA-6C91-48DC-B96B-0F0AA4F18A7F}.Debug|Any CPU.ActiveCfg = Debug|Any CPU
		{904663EA-6C91-48DC-B96B-0F0AA4F18A7F}.Debug|Any CPU.Build.0 = Debug|Any CPU
		{904663EA-6C91-48DC-B96B-0F0AA4F18A7F}.Debug|x64.ActiveCfg = Debug|Any CPU
		{904663EA-6C91-48DC-B96B-0F0AA4F18A7F}.Debug|x64.Build.0 = Debug|Any CPU
		{904663EA-6C91-48DC-B96B-0F0AA4F18A7F}.Release|Any CPU.ActiveCfg = Release|Any CPU
		{904663EA-6C91-48DC-B96B-0F0AA4F18A7F}.Release|Any CPU.Build.0 = Release|Any CPU
		{904663EA-6C91-48DC-B96B-0F0AA4F18A7F}.Release|x64.ActiveCfg = Release|Any CPU
		{904663EA-6C91-48DC-B96B-0F0AA4F18A7F}.Release|x64.Build.0 = Release|Any CPU
		{9D168B5D-3EDB-44AA-8B95-2793CC83DDBE}.Debug|Any CPU.ActiveCfg = Debug|Any CPU
		{9D168B5D-3EDB-44AA-8B95-2793CC83DDBE}.Debug|Any CPU.Build.0 = Debug|Any CPU
		{9D168B5D-3EDB-44AA-8B95-2793CC83DDBE}.Debug|x64.ActiveCfg = Debug|Any CPU
		{9D168B5D-3EDB-44AA-8B95-2793CC83DDBE}.Debug|x64.Build.0 = Debug|Any CPU
		{9D168B5D-3EDB-44AA-8B95-2793CC83DDBE}.Release|Any CPU.ActiveCfg = Release|Any CPU
		{9D168B5D-3EDB-44AA-8B95-2793CC83DDBE}.Release|Any CPU.Build.0 = Release|Any CPU
		{9D168B5D-3EDB-44AA-8B95-2793CC83DDBE}.Release|x64.ActiveCfg = Release|Any CPU
		{9D168B5D-3EDB-44AA-8B95-2793CC83DDBE}.Release|x64.Build.0 = Release|Any CPU
		{BB01FA1E-E536-408F-8678-5706F0A00AAC}.Debug|Any CPU.ActiveCfg = Debug|Any CPU
		{BB01FA1E-E536-408F-8678-5706F0A00AAC}.Debug|Any CPU.Build.0 = Debug|Any CPU
		{BB01FA1E-E536-408F-8678-5706F0A00AAC}.Debug|x64.ActiveCfg = Debug|Any CPU
		{BB01FA1E-E536-408F-8678-5706F0A00AAC}.Debug|x64.Build.0 = Debug|Any CPU
		{BB01FA1E-E536-408F-8678-5706F0A00AAC}.Release|Any CPU.ActiveCfg = Release|Any CPU
		{BB01FA1E-E536-408F-8678-5706F0A00AAC}.Release|Any CPU.Build.0 = Release|Any CPU
		{BB01FA1E-E536-408F-8678-5706F0A00AAC}.Release|x64.ActiveCfg = Release|Any CPU
		{BB01FA1E-E536-408F-8678-5706F0A00AAC}.Release|x64.Build.0 = Release|Any CPU
		{6CDF0E90-2E14-462D-8100-203ABE573028}.Debug|Any CPU.ActiveCfg = Debug|Any CPU
		{6CDF0E90-2E14-462D-8100-203ABE573028}.Debug|Any CPU.Build.0 = Debug|Any CPU
		{6CDF0E90-2E14-462D-8100-203ABE573028}.Debug|x64.ActiveCfg = Debug|Any CPU
		{6CDF0E90-2E14-462D-8100-203ABE573028}.Debug|x64.Build.0 = Debug|Any CPU
		{6CDF0E90-2E14-462D-8100-203ABE573028}.Release|Any CPU.ActiveCfg = Release|Any CPU
		{6CDF0E90-2E14-462D-8100-203ABE573028}.Release|Any CPU.Build.0 = Release|Any CPU
		{6CDF0E90-2E14-462D-8100-203ABE573028}.Release|x64.ActiveCfg = Release|Any CPU
		{6CDF0E90-2E14-462D-8100-203ABE573028}.Release|x64.Build.0 = Release|Any CPU
		{97C88DA8-4AA2-49EC-8D93-D9D40A77C0DB}.Debug|Any CPU.ActiveCfg = Debug|Any CPU
		{97C88DA8-4AA2-49EC-8D93-D9D40A77C0DB}.Debug|Any CPU.Build.0 = Debug|Any CPU
		{97C88DA8-4AA2-49EC-8D93-D9D40A77C0DB}.Debug|x64.ActiveCfg = Debug|Any CPU
		{97C88DA8-4AA2-49EC-8D93-D9D40A77C0DB}.Debug|x64.Build.0 = Debug|Any CPU
		{97C88DA8-4AA2-49EC-8D93-D9D40A77C0DB}.Release|Any CPU.ActiveCfg = Release|Any CPU
		{97C88DA8-4AA2-49EC-8D93-D9D40A77C0DB}.Release|Any CPU.Build.0 = Release|Any CPU
		{97C88DA8-4AA2-49EC-8D93-D9D40A77C0DB}.Release|x64.ActiveCfg = Release|Any CPU
		{97C88DA8-4AA2-49EC-8D93-D9D40A77C0DB}.Release|x64.Build.0 = Release|Any CPU
		{045E3313-886D-42F1-96C9-6119DA37FDCC}.Debug|Any CPU.ActiveCfg = Debug|Any CPU
		{045E3313-886D-42F1-96C9-6119DA37FDCC}.Debug|Any CPU.Build.0 = Debug|Any CPU
		{045E3313-886D-42F1-96C9-6119DA37FDCC}.Debug|x64.ActiveCfg = Debug|Any CPU
		{045E3313-886D-42F1-96C9-6119DA37FDCC}.Debug|x64.Build.0 = Debug|Any CPU
		{045E3313-886D-42F1-96C9-6119DA37FDCC}.Release|Any CPU.ActiveCfg = Release|Any CPU
		{045E3313-886D-42F1-96C9-6119DA37FDCC}.Release|Any CPU.Build.0 = Release|Any CPU
		{045E3313-886D-42F1-96C9-6119DA37FDCC}.Release|x64.ActiveCfg = Release|Any CPU
		{045E3313-886D-42F1-96C9-6119DA37FDCC}.Release|x64.Build.0 = Release|Any CPU
		{5A67E38E-2CBE-48F0-A0C8-A4B42C85CC65}.Debug|Any CPU.ActiveCfg = Debug|Any CPU
		{5A67E38E-2CBE-48F0-A0C8-A4B42C85CC65}.Debug|Any CPU.Build.0 = Debug|Any CPU
		{5A67E38E-2CBE-48F0-A0C8-A4B42C85CC65}.Debug|x64.ActiveCfg = Debug|Any CPU
		{5A67E38E-2CBE-48F0-A0C8-A4B42C85CC65}.Debug|x64.Build.0 = Debug|Any CPU
		{5A67E38E-2CBE-48F0-A0C8-A4B42C85CC65}.Release|Any CPU.ActiveCfg = Release|Any CPU
		{5A67E38E-2CBE-48F0-A0C8-A4B42C85CC65}.Release|Any CPU.Build.0 = Release|Any CPU
		{5A67E38E-2CBE-48F0-A0C8-A4B42C85CC65}.Release|x64.ActiveCfg = Release|Any CPU
		{5A67E38E-2CBE-48F0-A0C8-A4B42C85CC65}.Release|x64.Build.0 = Release|Any CPU
		{5C345BC9-2B8C-4B9C-B2A5-6442BFA978AE}.Debug|Any CPU.ActiveCfg = Debug|Any CPU
		{5C345BC9-2B8C-4B9C-B2A5-6442BFA978AE}.Debug|Any CPU.Build.0 = Debug|Any CPU
		{5C345BC9-2B8C-4B9C-B2A5-6442BFA978AE}.Debug|x64.ActiveCfg = Debug|Any CPU
		{5C345BC9-2B8C-4B9C-B2A5-6442BFA978AE}.Debug|x64.Build.0 = Debug|Any CPU
		{5C345BC9-2B8C-4B9C-B2A5-6442BFA978AE}.Release|Any CPU.ActiveCfg = Release|Any CPU
		{5C345BC9-2B8C-4B9C-B2A5-6442BFA978AE}.Release|Any CPU.Build.0 = Release|Any CPU
		{5C345BC9-2B8C-4B9C-B2A5-6442BFA978AE}.Release|x64.ActiveCfg = Release|Any CPU
		{5C345BC9-2B8C-4B9C-B2A5-6442BFA978AE}.Release|x64.Build.0 = Release|Any CPU
		{61C21D83-8AB0-4119-A1E8-4A9178AA4C8D}.Debug|Any CPU.ActiveCfg = Debug|Any CPU
		{61C21D83-8AB0-4119-A1E8-4A9178AA4C8D}.Debug|Any CPU.Build.0 = Debug|Any CPU
		{61C21D83-8AB0-4119-A1E8-4A9178AA4C8D}.Debug|x64.ActiveCfg = Debug|Any CPU
		{61C21D83-8AB0-4119-A1E8-4A9178AA4C8D}.Debug|x64.Build.0 = Debug|Any CPU
		{61C21D83-8AB0-4119-A1E8-4A9178AA4C8D}.Release|Any CPU.ActiveCfg = Release|Any CPU
		{61C21D83-8AB0-4119-A1E8-4A9178AA4C8D}.Release|Any CPU.Build.0 = Release|Any CPU
		{61C21D83-8AB0-4119-A1E8-4A9178AA4C8D}.Release|x64.ActiveCfg = Release|Any CPU
		{61C21D83-8AB0-4119-A1E8-4A9178AA4C8D}.Release|x64.Build.0 = Release|Any CPU
		{E7619801-EB2D-4C55-B5F9-CF81783A1576}.Debug|Any CPU.ActiveCfg = Debug|Any CPU
		{E7619801-EB2D-4C55-B5F9-CF81783A1576}.Debug|Any CPU.Build.0 = Debug|Any CPU
		{E7619801-EB2D-4C55-B5F9-CF81783A1576}.Debug|x64.ActiveCfg = Debug|Any CPU
		{E7619801-EB2D-4C55-B5F9-CF81783A1576}.Debug|x64.Build.0 = Debug|Any CPU
		{E7619801-EB2D-4C55-B5F9-CF81783A1576}.Release|Any CPU.ActiveCfg = Release|Any CPU
		{E7619801-EB2D-4C55-B5F9-CF81783A1576}.Release|Any CPU.Build.0 = Release|Any CPU
		{E7619801-EB2D-4C55-B5F9-CF81783A1576}.Release|x64.ActiveCfg = Release|Any CPU
		{E7619801-EB2D-4C55-B5F9-CF81783A1576}.Release|x64.Build.0 = Release|Any CPU
		{68F57AA3-A16C-4F3E-89DD-4A85DE6EEA61}.Debug|Any CPU.ActiveCfg = Debug|Any CPU
		{68F57AA3-A16C-4F3E-89DD-4A85DE6EEA61}.Debug|Any CPU.Build.0 = Debug|Any CPU
		{68F57AA3-A16C-4F3E-89DD-4A85DE6EEA61}.Debug|x64.ActiveCfg = Debug|Any CPU
		{68F57AA3-A16C-4F3E-89DD-4A85DE6EEA61}.Debug|x64.Build.0 = Debug|Any CPU
		{68F57AA3-A16C-4F3E-89DD-4A85DE6EEA61}.Release|Any CPU.ActiveCfg = Release|Any CPU
		{68F57AA3-A16C-4F3E-89DD-4A85DE6EEA61}.Release|Any CPU.Build.0 = Release|Any CPU
		{68F57AA3-A16C-4F3E-89DD-4A85DE6EEA61}.Release|x64.ActiveCfg = Release|Any CPU
		{68F57AA3-A16C-4F3E-89DD-4A85DE6EEA61}.Release|x64.Build.0 = Release|Any CPU
		{FADB6CBC-D457-46A1-A81C-D92C9FBAA210}.Debug|Any CPU.ActiveCfg = Debug|Any CPU
		{FADB6CBC-D457-46A1-A81C-D92C9FBAA210}.Debug|Any CPU.Build.0 = Debug|Any CPU
		{FADB6CBC-D457-46A1-A81C-D92C9FBAA210}.Debug|x64.ActiveCfg = Debug|Any CPU
		{FADB6CBC-D457-46A1-A81C-D92C9FBAA210}.Debug|x64.Build.0 = Debug|Any CPU
		{FADB6CBC-D457-46A1-A81C-D92C9FBAA210}.Release|Any CPU.ActiveCfg = Release|Any CPU
		{FADB6CBC-D457-46A1-A81C-D92C9FBAA210}.Release|Any CPU.Build.0 = Release|Any CPU
		{FADB6CBC-D457-46A1-A81C-D92C9FBAA210}.Release|x64.ActiveCfg = Release|Any CPU
		{FADB6CBC-D457-46A1-A81C-D92C9FBAA210}.Release|x64.Build.0 = Release|Any CPU
		{F66FBD69-7801-48FD-AA82-7C6C2FA272DD}.Debug|Any CPU.ActiveCfg = Debug|Any CPU
		{F66FBD69-7801-48FD-AA82-7C6C2FA272DD}.Debug|Any CPU.Build.0 = Debug|Any CPU
		{F66FBD69-7801-48FD-AA82-7C6C2FA272DD}.Debug|x64.ActiveCfg = Debug|Any CPU
		{F66FBD69-7801-48FD-AA82-7C6C2FA272DD}.Debug|x64.Build.0 = Debug|Any CPU
		{F66FBD69-7801-48FD-AA82-7C6C2FA272DD}.Release|Any CPU.ActiveCfg = Release|Any CPU
		{F66FBD69-7801-48FD-AA82-7C6C2FA272DD}.Release|Any CPU.Build.0 = Release|Any CPU
		{F66FBD69-7801-48FD-AA82-7C6C2FA272DD}.Release|x64.ActiveCfg = Release|Any CPU
		{F66FBD69-7801-48FD-AA82-7C6C2FA272DD}.Release|x64.Build.0 = Release|Any CPU
		{8F9F16C0-5473-4AB2-9644-0CD95D767762}.Debug|Any CPU.ActiveCfg = Debug|Any CPU
		{8F9F16C0-5473-4AB2-9644-0CD95D767762}.Debug|Any CPU.Build.0 = Debug|Any CPU
		{8F9F16C0-5473-4AB2-9644-0CD95D767762}.Debug|x64.ActiveCfg = Debug|Any CPU
		{8F9F16C0-5473-4AB2-9644-0CD95D767762}.Debug|x64.Build.0 = Debug|Any CPU
		{8F9F16C0-5473-4AB2-9644-0CD95D767762}.Release|Any CPU.ActiveCfg = Release|Any CPU
		{8F9F16C0-5473-4AB2-9644-0CD95D767762}.Release|Any CPU.Build.0 = Release|Any CPU
		{8F9F16C0-5473-4AB2-9644-0CD95D767762}.Release|x64.ActiveCfg = Release|Any CPU
		{8F9F16C0-5473-4AB2-9644-0CD95D767762}.Release|x64.Build.0 = Release|Any CPU
	EndGlobalSection
	GlobalSection(SolutionProperties) = preSolution
		HideSolutionNode = FALSE
	EndGlobalSection
	GlobalSection(NestedProjects) = preSolution
		{8B189272-0EF0-4597-82E6-D7746AEDE21B} = {0C2791BD-57C5-4A13-BB60-A736E1621020}
		{C9321E08-60FC-47D8-9D6C-3A645739633B} = {0C2791BD-57C5-4A13-BB60-A736E1621020}
		{A5ACA8A5-1D45-44E5-A4A2-6097776A4E0A} = {0C2791BD-57C5-4A13-BB60-A736E1621020}
		{904663EA-6C91-48DC-B96B-0F0AA4F18A7F} = {0C2791BD-57C5-4A13-BB60-A736E1621020}
		{BB01FA1E-E536-408F-8678-5706F0A00AAC} = {A41D4C1A-B576-4046-AC69-977CA471F915}
		{6CDF0E90-2E14-462D-8100-203ABE573028} = {A41D4C1A-B576-4046-AC69-977CA471F915}
		{97C88DA8-4AA2-49EC-8D93-D9D40A77C0DB} = {224BF28B-2D7B-4297-88B2-130CE98B71FF}
		{045E3313-886D-42F1-96C9-6119DA37FDCC} = {224BF28B-2D7B-4297-88B2-130CE98B71FF}
		{68F57AA3-A16C-4F3E-89DD-4A85DE6EEA61} = {0C2791BD-57C5-4A13-BB60-A736E1621020}
		{FADB6CBC-D457-46A1-A81C-D92C9FBAA210} = {0C2791BD-57C5-4A13-BB60-A736E1621020}
		{8F9F16C0-5473-4AB2-9644-0CD95D767762} = {0C2791BD-57C5-4A13-BB60-A736E1621020}
	EndGlobalSection
	GlobalSection(ExtensibilityGlobals) = postSolution
		SolutionGuid = {A84E1AF7-BEBB-47F9-A917-8373C7F0D39E}
	EndGlobalSection
EndGlobal
