
Microsoft Visual Studio Solution File, Format Version 12.00
# Visual Studio Version 16
VisualStudioVersion = 16.0.30803.129
MinimumVisualStudioVersion = 10.0.40219.1
Project("{9A19103F-16F7-4668-BE54-9A1E7A4F7556}") = "Ploch.Common", "src\Common\Ploch.Common.csproj", "{2B936120-F5A3-4955-8F63-925B8BC82F6D}"
EndProject
Project("{9A19103F-16F7-4668-BE54-9A1E7A4F7556}") = "Ploch.Common.Tests", "src\Common.Tests\Ploch.Common.Tests.csproj", "{0BAE0808-2372-4B4D-8438-B07D8803D5B2}"
EndProject
Project("{9A19103F-16F7-4668-BE54-9A1E7A4F7556}") = "Ploch.Common.FileSystem", "src\Common.FileSystem\Ploch.Common.FileSystem.csproj", "{C3968F19-47F4-4415-82E1-0900BFE3BFC8}"
EndProject
Project("{9A19103F-16F7-4668-BE54-9A1E7A4F7556}") = "Ploch.Common.FileSystem.Tests", "src\Common.FileSystem.Tests\Ploch.Common.FileSystem.Tests.csproj", "{4D817D96-B494-4F4F-8EBF-24A1FF971F97}"
EndProject
Project("{9A19103F-16F7-4668-BE54-9A1E7A4F7556}") = "Ploch.Common.Data.Model", "src\Common.Data\Data.Model\Ploch.Common.Data.Model.csproj", "{48F50CE8-A2E6-428B-B491-B410C524A3A4}"
EndProject
Project("{9A19103F-16F7-4668-BE54-9A1E7A4F7556}") = "Ploch.Common.Windows", "src\Common.Windows\Ploch.Common.Windows.csproj", "{86843C72-D3C0-4C4E-B265-91662C60603C}"
EndProject
Project("{9A19103F-16F7-4668-BE54-9A1E7A4F7556}") = "Ploch.Common.Windows.Tests", "src\Common.Windows.Tests\Ploch.Common.Windows.Tests.csproj", "{82870D09-5357-4C2F-869B-EB7E075CE494}"
EndProject
Project("{9A19103F-16F7-4668-BE54-9A1E7A4F7556}") = "Ploch.Common.Xml", "src\Common.Xml\Ploch.Common.Xml.csproj", "{254A306F-44E5-496B-BC2B-3314447A3B7D}"
EndProject
Project("{9A19103F-16F7-4668-BE54-9A1E7A4F7556}") = "Ploch.Common.Xml.Tests", "src\Common.Xml.Tests\Ploch.Common.Xml.Tests.csproj", "{87EC54DB-161E-43BC-AB5A-A1801DA05855}"
EndProject
Project("{9A19103F-16F7-4668-BE54-9A1E7A4F7556}") = "Ploch.TestingSupport", "src\TestingSupport\Ploch.TestingSupport.csproj", "{BBCDE715-D632-4B5A-AE24-4D0C00781220}"
EndProject
Project("{9A19103F-16F7-4668-BE54-9A1E7A4F7556}") = "Ploch.TestingSupport.UnityContainer", "src\TestingSupport.UnityContainer\Ploch.TestingSupport.UnityContainer.csproj", "{AE82D00B-9802-43EA-B182-17C2711B8276}"
EndProject
Project("{9A19103F-16F7-4668-BE54-9A1E7A4F7556}") = "Ploch.TestingSupport.Xunit", "src\TestingSupport.Xunit\Ploch.TestingSupport.Xunit.csproj", "{503C1A9B-845A-41FD-9BF8-ED732AF3F7F6}"
EndProject
Project("{9A19103F-16F7-4668-BE54-9A1E7A4F7556}") = "Ploch.TestingSupport.Xunit.Tests", "src\TestingSupport.Xunit.Tests\Ploch.TestingSupport.Xunit.Tests.csproj", "{89590B6C-1DDB-4E08-9E94-D4B7628A62A2}"
EndProject
Project("{2150E333-8FDC-42A3-9474-1A3956D46DE8}") = "Solution Items", "Solution Items", "{D89DED28-8B6B-46D3-AAE0-2764D1DF0094}"
	ProjectSection(SolutionItems) = preProject
		.editorconfig = .editorconfig
		.gitignore = .gitignore
		Directory.Build.props = Directory.Build.props
		NuGet.Config = NuGet.Config
		Ploch.Common.nuspec = Ploch.Common.nuspec
	EndProjectSection
EndProject
Project("{2150E333-8FDC-42A3-9474-1A3956D46DE8}") = "Tests", "Tests", "{861A9732-0DD2-43BF-9DA9-6529961C58D5}"
EndProject
Project("{9A19103F-16F7-4668-BE54-9A1E7A4F7556}") = "Ploch.TestingSupport.FluentAssertions", "src\TestingSupport.FluentAssertions\Ploch.TestingSupport.FluentAssertions.csproj", "{76487E64-C821-4EBA-9CB1-19888C29228A}"
EndProject
Project("{9A19103F-16F7-4668-BE54-9A1E7A4F7556}") = "Ploch.TestingSupport.FluentAssertions.Tests", "src\TestingSupport.FluentAssertions.Tests\Ploch.TestingSupport.FluentAssertions.Tests.csproj", "{F6045DBA-69A1-4114-AEB9-2543F03E576A}"
EndProject
Project("{9A19103F-16F7-4668-BE54-9A1E7A4F7556}") = "Ploch.Common.DependencyInjection", "src\Common.DependencyInjection\Ploch.Common.DependencyInjection.csproj", "{38871480-2261-4529-A44C-1061C6EA80B7}"
EndProject
Project("{9A19103F-16F7-4668-BE54-9A1E7A4F7556}") = "Ploch.Common.DependencyInjection.Tests", "src\Common.DependencyInjection.Tests\Ploch.Common.DependencyInjection.Tests.csproj", "{53A387F1-037C-4014-9F91-46E01716314C}"
EndProject
Project("{9A19103F-16F7-4668-BE54-9A1E7A4F7556}") = "Ploch.Common.ConsoleApplication.Core", "src\Common.ConsoleApplication\ConsoleApplication.Core\Ploch.Common.ConsoleApplication.Core.csproj", "{9683EA7D-74CA-4780-BA01-2A31FD842396}"
EndProject
Project("{9A19103F-16F7-4668-BE54-9A1E7A4F7556}") = "Ploch.Common.ConsoleApplication.ExtendedOutput", "src\Common.ConsoleApplication\ConsoleApplication.ExtendedOutput\Ploch.Common.ConsoleApplication.ExtendedOutput.csproj", "{CE69A6C2-292D-4596-90D0-CC27777B64A0}"
EndProject
Project("{9A19103F-16F7-4668-BE54-9A1E7A4F7556}") = "Ploch.Common.ConsoleApplication.Runner", "src\Common.ConsoleApplication\ConsoleAppication.Runner\Ploch.Common.ConsoleApplication.Runner.csproj", "{1E0BA77F-2157-4951-A9D5-EC67F8AAE989}"
EndProject
Project("{9A19103F-16F7-4668-BE54-9A1E7A4F7556}") = "Ploch.Common.ConsoleApplication.Runner.Tests", "src\Common.ConsoleApplication\ConsoleApplication.Runner.Tests\Ploch.Common.ConsoleApplication.Runner.Tests.csproj", "{59D65B1E-9514-43C3-BF83-C58F6A837D8D}"
EndProject
Project("{2150E333-8FDC-42A3-9474-1A3956D46DE8}") = "ConsoleApplication", "ConsoleApplication", "{ED43103C-D714-4A5D-AAA9-E0E421098B0F}"
EndProject
Project("{9A19103F-16F7-4668-BE54-9A1E7A4F7556}") = "Ploch.Common.ConsoleApplication.Core.Tests", "src\Common.ConsoleApplication\ConsoleApplication.Core.Tests\Ploch.Common.ConsoleApplication.Core.Tests.csproj", "{012C9F96-102E-4BDF-845D-58070A781D3F}"
EndProject
Project("{9A19103F-16F7-4668-BE54-9A1E7A4F7556}") = "Ploch.TestApps.WorkerServiceApp", "TestApps\TestApps.WorkerServiceApp\Ploch.TestApps.WorkerServiceApp.csproj", "{0013B002-0E0F-481C-8E01-10DFB66B3305}"
EndProject
Project("{9A19103F-16F7-4668-BE54-9A1E7A4F7556}") = "TestApps.WorkerServiceDaemonApp", "TestApps\TestApps.WorkerServiceDaemonApp\TestApps.WorkerServiceDaemonApp.csproj", "{2A6DD11E-B843-4C40-B71F-CCFBD055E1B0}"
EndProject
Project("{9A19103F-16F7-4668-BE54-9A1E7A4F7556}") = "Ploch.Common.Diagnostics.PostSharp", "src\Common.Diagnostics.PostSharp\Ploch.Common.Diagnostics.PostSharp.csproj", "{17D5A1BF-7579-4EF8-B375-97ECE1662858}"
EndProject
Project("{9A19103F-16F7-4668-BE54-9A1E7A4F7556}") = "Ploch.Common.WorkerServices", "src\Common.WorkerServices\Ploch.Common.WorkerServices.csproj", "{77C15D11-0BD6-47A8-B790-3E54A1969C4E}"
EndProject
Project("{9A19103F-16F7-4668-BE54-9A1E7A4F7556}") = "Ploch.Common.WorkerServices.Windows", "src\Common.WorkerServices.Windows\Ploch.Common.WorkerServices.Windows.csproj", "{F5A865A6-E4A8-4134-A0D6-E7BD08720770}"
EndProject
Project("{9A19103F-16F7-4668-BE54-9A1E7A4F7556}") = "FodyTestApp", "TestApps\FodyTestApp\FodyTestApp.csproj", "{DCCF7A25-F47B-4CF8-A11F-7A8D25F9BE43}"
EndProject
Global
	GlobalSection(SolutionConfigurationPlatforms) = preSolution
		Debug|Any CPU = Debug|Any CPU
		Debug|ARM = Debug|ARM
		Debug|ARM64 = Debug|ARM64
		Debug|x64 = Debug|x64
		Debug|x86 = Debug|x86
		Release|Any CPU = Release|Any CPU
		Release|ARM = Release|ARM
		Release|ARM64 = Release|ARM64
		Release|x64 = Release|x64
		Release|x86 = Release|x86
	EndGlobalSection
	GlobalSection(ProjectConfigurationPlatforms) = postSolution
		{2B936120-F5A3-4955-8F63-925B8BC82F6D}.Debug|Any CPU.ActiveCfg = Debug|Any CPU
		{2B936120-F5A3-4955-8F63-925B8BC82F6D}.Debug|Any CPU.Build.0 = Debug|Any CPU
		{2B936120-F5A3-4955-8F63-925B8BC82F6D}.Debug|ARM.ActiveCfg = Debug|Any CPU
		{2B936120-F5A3-4955-8F63-925B8BC82F6D}.Debug|ARM.Build.0 = Debug|Any CPU
		{2B936120-F5A3-4955-8F63-925B8BC82F6D}.Debug|ARM64.ActiveCfg = Debug|Any CPU
		{2B936120-F5A3-4955-8F63-925B8BC82F6D}.Debug|ARM64.Build.0 = Debug|Any CPU
		{2B936120-F5A3-4955-8F63-925B8BC82F6D}.Debug|x64.ActiveCfg = Debug|Any CPU
		{2B936120-F5A3-4955-8F63-925B8BC82F6D}.Debug|x64.Build.0 = Debug|Any CPU
		{2B936120-F5A3-4955-8F63-925B8BC82F6D}.Debug|x86.ActiveCfg = Debug|Any CPU
		{2B936120-F5A3-4955-8F63-925B8BC82F6D}.Debug|x86.Build.0 = Debug|Any CPU
		{2B936120-F5A3-4955-8F63-925B8BC82F6D}.Release|Any CPU.ActiveCfg = Release|Any CPU
		{2B936120-F5A3-4955-8F63-925B8BC82F6D}.Release|Any CPU.Build.0 = Release|Any CPU
		{2B936120-F5A3-4955-8F63-925B8BC82F6D}.Release|ARM.ActiveCfg = Release|Any CPU
		{2B936120-F5A3-4955-8F63-925B8BC82F6D}.Release|ARM.Build.0 = Release|Any CPU
		{2B936120-F5A3-4955-8F63-925B8BC82F6D}.Release|ARM64.ActiveCfg = Release|Any CPU
		{2B936120-F5A3-4955-8F63-925B8BC82F6D}.Release|ARM64.Build.0 = Release|Any CPU
		{2B936120-F5A3-4955-8F63-925B8BC82F6D}.Release|x64.ActiveCfg = Release|Any CPU
		{2B936120-F5A3-4955-8F63-925B8BC82F6D}.Release|x64.Build.0 = Release|Any CPU
		{2B936120-F5A3-4955-8F63-925B8BC82F6D}.Release|x86.ActiveCfg = Release|Any CPU
		{2B936120-F5A3-4955-8F63-925B8BC82F6D}.Release|x86.Build.0 = Release|Any CPU
		{0BAE0808-2372-4B4D-8438-B07D8803D5B2}.Debug|Any CPU.ActiveCfg = Debug|Any CPU
		{0BAE0808-2372-4B4D-8438-B07D8803D5B2}.Debug|Any CPU.Build.0 = Debug|Any CPU
		{0BAE0808-2372-4B4D-8438-B07D8803D5B2}.Debug|ARM.ActiveCfg = Debug|Any CPU
		{0BAE0808-2372-4B4D-8438-B07D8803D5B2}.Debug|ARM.Build.0 = Debug|Any CPU
		{0BAE0808-2372-4B4D-8438-B07D8803D5B2}.Debug|ARM64.ActiveCfg = Debug|Any CPU
		{0BAE0808-2372-4B4D-8438-B07D8803D5B2}.Debug|ARM64.Build.0 = Debug|Any CPU
		{0BAE0808-2372-4B4D-8438-B07D8803D5B2}.Debug|x64.ActiveCfg = Debug|Any CPU
		{0BAE0808-2372-4B4D-8438-B07D8803D5B2}.Debug|x64.Build.0 = Debug|Any CPU
		{0BAE0808-2372-4B4D-8438-B07D8803D5B2}.Debug|x86.ActiveCfg = Debug|Any CPU
		{0BAE0808-2372-4B4D-8438-B07D8803D5B2}.Debug|x86.Build.0 = Debug|Any CPU
		{0BAE0808-2372-4B4D-8438-B07D8803D5B2}.Release|Any CPU.ActiveCfg = Release|Any CPU
		{0BAE0808-2372-4B4D-8438-B07D8803D5B2}.Release|Any CPU.Build.0 = Release|Any CPU
		{0BAE0808-2372-4B4D-8438-B07D8803D5B2}.Release|ARM.ActiveCfg = Release|Any CPU
		{0BAE0808-2372-4B4D-8438-B07D8803D5B2}.Release|ARM.Build.0 = Release|Any CPU
		{0BAE0808-2372-4B4D-8438-B07D8803D5B2}.Release|ARM64.ActiveCfg = Release|Any CPU
		{0BAE0808-2372-4B4D-8438-B07D8803D5B2}.Release|ARM64.Build.0 = Release|Any CPU
		{0BAE0808-2372-4B4D-8438-B07D8803D5B2}.Release|x64.ActiveCfg = Release|Any CPU
		{0BAE0808-2372-4B4D-8438-B07D8803D5B2}.Release|x64.Build.0 = Release|Any CPU
		{0BAE0808-2372-4B4D-8438-B07D8803D5B2}.Release|x86.ActiveCfg = Release|Any CPU
		{0BAE0808-2372-4B4D-8438-B07D8803D5B2}.Release|x86.Build.0 = Release|Any CPU
		{C3968F19-47F4-4415-82E1-0900BFE3BFC8}.Debug|Any CPU.ActiveCfg = Debug|Any CPU
		{C3968F19-47F4-4415-82E1-0900BFE3BFC8}.Debug|Any CPU.Build.0 = Debug|Any CPU
		{C3968F19-47F4-4415-82E1-0900BFE3BFC8}.Debug|ARM.ActiveCfg = Debug|Any CPU
		{C3968F19-47F4-4415-82E1-0900BFE3BFC8}.Debug|ARM.Build.0 = Debug|Any CPU
		{C3968F19-47F4-4415-82E1-0900BFE3BFC8}.Debug|ARM64.ActiveCfg = Debug|Any CPU
		{C3968F19-47F4-4415-82E1-0900BFE3BFC8}.Debug|ARM64.Build.0 = Debug|Any CPU
		{C3968F19-47F4-4415-82E1-0900BFE3BFC8}.Debug|x64.ActiveCfg = Debug|Any CPU
		{C3968F19-47F4-4415-82E1-0900BFE3BFC8}.Debug|x64.Build.0 = Debug|Any CPU
		{C3968F19-47F4-4415-82E1-0900BFE3BFC8}.Debug|x86.ActiveCfg = Debug|Any CPU
		{C3968F19-47F4-4415-82E1-0900BFE3BFC8}.Debug|x86.Build.0 = Debug|Any CPU
		{C3968F19-47F4-4415-82E1-0900BFE3BFC8}.Release|Any CPU.ActiveCfg = Release|Any CPU
		{C3968F19-47F4-4415-82E1-0900BFE3BFC8}.Release|Any CPU.Build.0 = Release|Any CPU
		{C3968F19-47F4-4415-82E1-0900BFE3BFC8}.Release|ARM.ActiveCfg = Release|Any CPU
		{C3968F19-47F4-4415-82E1-0900BFE3BFC8}.Release|ARM.Build.0 = Release|Any CPU
		{C3968F19-47F4-4415-82E1-0900BFE3BFC8}.Release|ARM64.ActiveCfg = Release|Any CPU
		{C3968F19-47F4-4415-82E1-0900BFE3BFC8}.Release|ARM64.Build.0 = Release|Any CPU
		{C3968F19-47F4-4415-82E1-0900BFE3BFC8}.Release|x64.ActiveCfg = Release|Any CPU
		{C3968F19-47F4-4415-82E1-0900BFE3BFC8}.Release|x64.Build.0 = Release|Any CPU
		{C3968F19-47F4-4415-82E1-0900BFE3BFC8}.Release|x86.ActiveCfg = Release|Any CPU
		{C3968F19-47F4-4415-82E1-0900BFE3BFC8}.Release|x86.Build.0 = Release|Any CPU
		{4D817D96-B494-4F4F-8EBF-24A1FF971F97}.Debug|Any CPU.ActiveCfg = Debug|Any CPU
		{4D817D96-B494-4F4F-8EBF-24A1FF971F97}.Debug|Any CPU.Build.0 = Debug|Any CPU
		{4D817D96-B494-4F4F-8EBF-24A1FF971F97}.Debug|ARM.ActiveCfg = Debug|Any CPU
		{4D817D96-B494-4F4F-8EBF-24A1FF971F97}.Debug|ARM.Build.0 = Debug|Any CPU
		{4D817D96-B494-4F4F-8EBF-24A1FF971F97}.Debug|ARM64.ActiveCfg = Debug|Any CPU
		{4D817D96-B494-4F4F-8EBF-24A1FF971F97}.Debug|ARM64.Build.0 = Debug|Any CPU
		{4D817D96-B494-4F4F-8EBF-24A1FF971F97}.Debug|x64.ActiveCfg = Debug|Any CPU
		{4D817D96-B494-4F4F-8EBF-24A1FF971F97}.Debug|x64.Build.0 = Debug|Any CPU
		{4D817D96-B494-4F4F-8EBF-24A1FF971F97}.Debug|x86.ActiveCfg = Debug|Any CPU
		{4D817D96-B494-4F4F-8EBF-24A1FF971F97}.Debug|x86.Build.0 = Debug|Any CPU
		{4D817D96-B494-4F4F-8EBF-24A1FF971F97}.Release|Any CPU.ActiveCfg = Release|Any CPU
		{4D817D96-B494-4F4F-8EBF-24A1FF971F97}.Release|Any CPU.Build.0 = Release|Any CPU
		{4D817D96-B494-4F4F-8EBF-24A1FF971F97}.Release|ARM.ActiveCfg = Release|Any CPU
		{4D817D96-B494-4F4F-8EBF-24A1FF971F97}.Release|ARM.Build.0 = Release|Any CPU
		{4D817D96-B494-4F4F-8EBF-24A1FF971F97}.Release|ARM64.ActiveCfg = Release|Any CPU
		{4D817D96-B494-4F4F-8EBF-24A1FF971F97}.Release|ARM64.Build.0 = Release|Any CPU
		{4D817D96-B494-4F4F-8EBF-24A1FF971F97}.Release|x64.ActiveCfg = Release|Any CPU
		{4D817D96-B494-4F4F-8EBF-24A1FF971F97}.Release|x64.Build.0 = Release|Any CPU
		{4D817D96-B494-4F4F-8EBF-24A1FF971F97}.Release|x86.ActiveCfg = Release|Any CPU
		{4D817D96-B494-4F4F-8EBF-24A1FF971F97}.Release|x86.Build.0 = Release|Any CPU
		{48F50CE8-A2E6-428B-B491-B410C524A3A4}.Debug|Any CPU.ActiveCfg = Debug|Any CPU
		{48F50CE8-A2E6-428B-B491-B410C524A3A4}.Debug|Any CPU.Build.0 = Debug|Any CPU
		{48F50CE8-A2E6-428B-B491-B410C524A3A4}.Debug|ARM.ActiveCfg = Debug|Any CPU
		{48F50CE8-A2E6-428B-B491-B410C524A3A4}.Debug|ARM.Build.0 = Debug|Any CPU
		{48F50CE8-A2E6-428B-B491-B410C524A3A4}.Debug|ARM64.ActiveCfg = Debug|Any CPU
		{48F50CE8-A2E6-428B-B491-B410C524A3A4}.Debug|ARM64.Build.0 = Debug|Any CPU
		{48F50CE8-A2E6-428B-B491-B410C524A3A4}.Debug|x64.ActiveCfg = Debug|Any CPU
		{48F50CE8-A2E6-428B-B491-B410C524A3A4}.Debug|x64.Build.0 = Debug|Any CPU
		{48F50CE8-A2E6-428B-B491-B410C524A3A4}.Debug|x86.ActiveCfg = Debug|Any CPU
		{48F50CE8-A2E6-428B-B491-B410C524A3A4}.Debug|x86.Build.0 = Debug|Any CPU
		{48F50CE8-A2E6-428B-B491-B410C524A3A4}.Release|Any CPU.ActiveCfg = Release|Any CPU
		{48F50CE8-A2E6-428B-B491-B410C524A3A4}.Release|Any CPU.Build.0 = Release|Any CPU
		{48F50CE8-A2E6-428B-B491-B410C524A3A4}.Release|ARM.ActiveCfg = Release|Any CPU
		{48F50CE8-A2E6-428B-B491-B410C524A3A4}.Release|ARM.Build.0 = Release|Any CPU
		{48F50CE8-A2E6-428B-B491-B410C524A3A4}.Release|ARM64.ActiveCfg = Release|Any CPU
		{48F50CE8-A2E6-428B-B491-B410C524A3A4}.Release|ARM64.Build.0 = Release|Any CPU
		{48F50CE8-A2E6-428B-B491-B410C524A3A4}.Release|x64.ActiveCfg = Release|Any CPU
		{48F50CE8-A2E6-428B-B491-B410C524A3A4}.Release|x64.Build.0 = Release|Any CPU
		{48F50CE8-A2E6-428B-B491-B410C524A3A4}.Release|x86.ActiveCfg = Release|Any CPU
		{48F50CE8-A2E6-428B-B491-B410C524A3A4}.Release|x86.Build.0 = Release|Any CPU
		{86843C72-D3C0-4C4E-B265-91662C60603C}.Debug|Any CPU.ActiveCfg = Debug|Any CPU
		{86843C72-D3C0-4C4E-B265-91662C60603C}.Debug|Any CPU.Build.0 = Debug|Any CPU
		{86843C72-D3C0-4C4E-B265-91662C60603C}.Debug|ARM.ActiveCfg = Debug|Any CPU
		{86843C72-D3C0-4C4E-B265-91662C60603C}.Debug|ARM.Build.0 = Debug|Any CPU
		{86843C72-D3C0-4C4E-B265-91662C60603C}.Debug|ARM64.ActiveCfg = Debug|Any CPU
		{86843C72-D3C0-4C4E-B265-91662C60603C}.Debug|ARM64.Build.0 = Debug|Any CPU
		{86843C72-D3C0-4C4E-B265-91662C60603C}.Debug|x64.ActiveCfg = Debug|Any CPU
		{86843C72-D3C0-4C4E-B265-91662C60603C}.Debug|x64.Build.0 = Debug|Any CPU
		{86843C72-D3C0-4C4E-B265-91662C60603C}.Debug|x86.ActiveCfg = Debug|Any CPU
		{86843C72-D3C0-4C4E-B265-91662C60603C}.Debug|x86.Build.0 = Debug|Any CPU
		{86843C72-D3C0-4C4E-B265-91662C60603C}.Release|Any CPU.ActiveCfg = Release|Any CPU
		{86843C72-D3C0-4C4E-B265-91662C60603C}.Release|Any CPU.Build.0 = Release|Any CPU
		{86843C72-D3C0-4C4E-B265-91662C60603C}.Release|ARM.ActiveCfg = Release|Any CPU
		{86843C72-D3C0-4C4E-B265-91662C60603C}.Release|ARM.Build.0 = Release|Any CPU
		{86843C72-D3C0-4C4E-B265-91662C60603C}.Release|ARM64.ActiveCfg = Release|Any CPU
		{86843C72-D3C0-4C4E-B265-91662C60603C}.Release|ARM64.Build.0 = Release|Any CPU
		{86843C72-D3C0-4C4E-B265-91662C60603C}.Release|x64.ActiveCfg = Release|Any CPU
		{86843C72-D3C0-4C4E-B265-91662C60603C}.Release|x64.Build.0 = Release|Any CPU
		{86843C72-D3C0-4C4E-B265-91662C60603C}.Release|x86.ActiveCfg = Release|Any CPU
		{86843C72-D3C0-4C4E-B265-91662C60603C}.Release|x86.Build.0 = Release|Any CPU
		{82870D09-5357-4C2F-869B-EB7E075CE494}.Debug|Any CPU.ActiveCfg = Debug|Any CPU
		{82870D09-5357-4C2F-869B-EB7E075CE494}.Debug|Any CPU.Build.0 = Debug|Any CPU
		{82870D09-5357-4C2F-869B-EB7E075CE494}.Debug|ARM.ActiveCfg = Debug|Any CPU
		{82870D09-5357-4C2F-869B-EB7E075CE494}.Debug|ARM.Build.0 = Debug|Any CPU
		{82870D09-5357-4C2F-869B-EB7E075CE494}.Debug|ARM64.ActiveCfg = Debug|Any CPU
		{82870D09-5357-4C2F-869B-EB7E075CE494}.Debug|ARM64.Build.0 = Debug|Any CPU
		{82870D09-5357-4C2F-869B-EB7E075CE494}.Debug|x64.ActiveCfg = Debug|Any CPU
		{82870D09-5357-4C2F-869B-EB7E075CE494}.Debug|x64.Build.0 = Debug|Any CPU
		{82870D09-5357-4C2F-869B-EB7E075CE494}.Debug|x86.ActiveCfg = Debug|Any CPU
		{82870D09-5357-4C2F-869B-EB7E075CE494}.Debug|x86.Build.0 = Debug|Any CPU
		{82870D09-5357-4C2F-869B-EB7E075CE494}.Release|Any CPU.ActiveCfg = Release|Any CPU
		{82870D09-5357-4C2F-869B-EB7E075CE494}.Release|Any CPU.Build.0 = Release|Any CPU
		{82870D09-5357-4C2F-869B-EB7E075CE494}.Release|ARM.ActiveCfg = Release|Any CPU
		{82870D09-5357-4C2F-869B-EB7E075CE494}.Release|ARM.Build.0 = Release|Any CPU
		{82870D09-5357-4C2F-869B-EB7E075CE494}.Release|ARM64.ActiveCfg = Release|Any CPU
		{82870D09-5357-4C2F-869B-EB7E075CE494}.Release|ARM64.Build.0 = Release|Any CPU
		{82870D09-5357-4C2F-869B-EB7E075CE494}.Release|x64.ActiveCfg = Release|Any CPU
		{82870D09-5357-4C2F-869B-EB7E075CE494}.Release|x64.Build.0 = Release|Any CPU
		{82870D09-5357-4C2F-869B-EB7E075CE494}.Release|x86.ActiveCfg = Release|Any CPU
		{82870D09-5357-4C2F-869B-EB7E075CE494}.Release|x86.Build.0 = Release|Any CPU
		{254A306F-44E5-496B-BC2B-3314447A3B7D}.Debug|Any CPU.ActiveCfg = Debug|Any CPU
		{254A306F-44E5-496B-BC2B-3314447A3B7D}.Debug|Any CPU.Build.0 = Debug|Any CPU
		{254A306F-44E5-496B-BC2B-3314447A3B7D}.Debug|ARM.ActiveCfg = Debug|Any CPU
		{254A306F-44E5-496B-BC2B-3314447A3B7D}.Debug|ARM.Build.0 = Debug|Any CPU
		{254A306F-44E5-496B-BC2B-3314447A3B7D}.Debug|ARM64.ActiveCfg = Debug|Any CPU
		{254A306F-44E5-496B-BC2B-3314447A3B7D}.Debug|ARM64.Build.0 = Debug|Any CPU
		{254A306F-44E5-496B-BC2B-3314447A3B7D}.Debug|x64.ActiveCfg = Debug|Any CPU
		{254A306F-44E5-496B-BC2B-3314447A3B7D}.Debug|x64.Build.0 = Debug|Any CPU
		{254A306F-44E5-496B-BC2B-3314447A3B7D}.Debug|x86.ActiveCfg = Debug|Any CPU
		{254A306F-44E5-496B-BC2B-3314447A3B7D}.Debug|x86.Build.0 = Debug|Any CPU
		{254A306F-44E5-496B-BC2B-3314447A3B7D}.Release|Any CPU.ActiveCfg = Release|Any CPU
		{254A306F-44E5-496B-BC2B-3314447A3B7D}.Release|Any CPU.Build.0 = Release|Any CPU
		{254A306F-44E5-496B-BC2B-3314447A3B7D}.Release|ARM.ActiveCfg = Release|Any CPU
		{254A306F-44E5-496B-BC2B-3314447A3B7D}.Release|ARM.Build.0 = Release|Any CPU
		{254A306F-44E5-496B-BC2B-3314447A3B7D}.Release|ARM64.ActiveCfg = Release|Any CPU
		{254A306F-44E5-496B-BC2B-3314447A3B7D}.Release|ARM64.Build.0 = Release|Any CPU
		{254A306F-44E5-496B-BC2B-3314447A3B7D}.Release|x64.ActiveCfg = Release|Any CPU
		{254A306F-44E5-496B-BC2B-3314447A3B7D}.Release|x64.Build.0 = Release|Any CPU
		{254A306F-44E5-496B-BC2B-3314447A3B7D}.Release|x86.ActiveCfg = Release|Any CPU
		{254A306F-44E5-496B-BC2B-3314447A3B7D}.Release|x86.Build.0 = Release|Any CPU
		{87EC54DB-161E-43BC-AB5A-A1801DA05855}.Debug|Any CPU.ActiveCfg = Debug|Any CPU
		{87EC54DB-161E-43BC-AB5A-A1801DA05855}.Debug|Any CPU.Build.0 = Debug|Any CPU
		{87EC54DB-161E-43BC-AB5A-A1801DA05855}.Debug|ARM.ActiveCfg = Debug|Any CPU
		{87EC54DB-161E-43BC-AB5A-A1801DA05855}.Debug|ARM.Build.0 = Debug|Any CPU
		{87EC54DB-161E-43BC-AB5A-A1801DA05855}.Debug|ARM64.ActiveCfg = Debug|Any CPU
		{87EC54DB-161E-43BC-AB5A-A1801DA05855}.Debug|ARM64.Build.0 = Debug|Any CPU
		{87EC54DB-161E-43BC-AB5A-A1801DA05855}.Debug|x64.ActiveCfg = Debug|Any CPU
		{87EC54DB-161E-43BC-AB5A-A1801DA05855}.Debug|x64.Build.0 = Debug|Any CPU
		{87EC54DB-161E-43BC-AB5A-A1801DA05855}.Debug|x86.ActiveCfg = Debug|Any CPU
		{87EC54DB-161E-43BC-AB5A-A1801DA05855}.Debug|x86.Build.0 = Debug|Any CPU
		{87EC54DB-161E-43BC-AB5A-A1801DA05855}.Release|Any CPU.ActiveCfg = Release|Any CPU
		{87EC54DB-161E-43BC-AB5A-A1801DA05855}.Release|Any CPU.Build.0 = Release|Any CPU
		{87EC54DB-161E-43BC-AB5A-A1801DA05855}.Release|ARM.ActiveCfg = Release|Any CPU
		{87EC54DB-161E-43BC-AB5A-A1801DA05855}.Release|ARM.Build.0 = Release|Any CPU
		{87EC54DB-161E-43BC-AB5A-A1801DA05855}.Release|ARM64.ActiveCfg = Release|Any CPU
		{87EC54DB-161E-43BC-AB5A-A1801DA05855}.Release|ARM64.Build.0 = Release|Any CPU
		{87EC54DB-161E-43BC-AB5A-A1801DA05855}.Release|x64.ActiveCfg = Release|Any CPU
		{87EC54DB-161E-43BC-AB5A-A1801DA05855}.Release|x64.Build.0 = Release|Any CPU
		{87EC54DB-161E-43BC-AB5A-A1801DA05855}.Release|x86.ActiveCfg = Release|Any CPU
		{87EC54DB-161E-43BC-AB5A-A1801DA05855}.Release|x86.Build.0 = Release|Any CPU
		{BBCDE715-D632-4B5A-AE24-4D0C00781220}.Debug|Any CPU.ActiveCfg = Debug|Any CPU
		{BBCDE715-D632-4B5A-AE24-4D0C00781220}.Debug|Any CPU.Build.0 = Debug|Any CPU
		{BBCDE715-D632-4B5A-AE24-4D0C00781220}.Debug|ARM.ActiveCfg = Debug|Any CPU
		{BBCDE715-D632-4B5A-AE24-4D0C00781220}.Debug|ARM.Build.0 = Debug|Any CPU
		{BBCDE715-D632-4B5A-AE24-4D0C00781220}.Debug|ARM64.ActiveCfg = Debug|Any CPU
		{BBCDE715-D632-4B5A-AE24-4D0C00781220}.Debug|ARM64.Build.0 = Debug|Any CPU
		{BBCDE715-D632-4B5A-AE24-4D0C00781220}.Debug|x64.ActiveCfg = Debug|Any CPU
		{BBCDE715-D632-4B5A-AE24-4D0C00781220}.Debug|x64.Build.0 = Debug|Any CPU
		{BBCDE715-D632-4B5A-AE24-4D0C00781220}.Debug|x86.ActiveCfg = Debug|Any CPU
		{BBCDE715-D632-4B5A-AE24-4D0C00781220}.Debug|x86.Build.0 = Debug|Any CPU
		{BBCDE715-D632-4B5A-AE24-4D0C00781220}.Release|Any CPU.ActiveCfg = Release|Any CPU
		{BBCDE715-D632-4B5A-AE24-4D0C00781220}.Release|Any CPU.Build.0 = Release|Any CPU
		{BBCDE715-D632-4B5A-AE24-4D0C00781220}.Release|ARM.ActiveCfg = Release|Any CPU
		{BBCDE715-D632-4B5A-AE24-4D0C00781220}.Release|ARM.Build.0 = Release|Any CPU
		{BBCDE715-D632-4B5A-AE24-4D0C00781220}.Release|ARM64.ActiveCfg = Release|Any CPU
		{BBCDE715-D632-4B5A-AE24-4D0C00781220}.Release|ARM64.Build.0 = Release|Any CPU
		{BBCDE715-D632-4B5A-AE24-4D0C00781220}.Release|x64.ActiveCfg = Release|Any CPU
		{BBCDE715-D632-4B5A-AE24-4D0C00781220}.Release|x64.Build.0 = Release|Any CPU
		{BBCDE715-D632-4B5A-AE24-4D0C00781220}.Release|x86.ActiveCfg = Release|Any CPU
		{BBCDE715-D632-4B5A-AE24-4D0C00781220}.Release|x86.Build.0 = Release|Any CPU
		{AE82D00B-9802-43EA-B182-17C2711B8276}.Debug|Any CPU.ActiveCfg = Debug|Any CPU
		{AE82D00B-9802-43EA-B182-17C2711B8276}.Debug|Any CPU.Build.0 = Debug|Any CPU
		{AE82D00B-9802-43EA-B182-17C2711B8276}.Debug|ARM.ActiveCfg = Debug|Any CPU
		{AE82D00B-9802-43EA-B182-17C2711B8276}.Debug|ARM.Build.0 = Debug|Any CPU
		{AE82D00B-9802-43EA-B182-17C2711B8276}.Debug|ARM64.ActiveCfg = Debug|Any CPU
		{AE82D00B-9802-43EA-B182-17C2711B8276}.Debug|ARM64.Build.0 = Debug|Any CPU
		{AE82D00B-9802-43EA-B182-17C2711B8276}.Debug|x64.ActiveCfg = Debug|Any CPU
		{AE82D00B-9802-43EA-B182-17C2711B8276}.Debug|x64.Build.0 = Debug|Any CPU
		{AE82D00B-9802-43EA-B182-17C2711B8276}.Debug|x86.ActiveCfg = Debug|Any CPU
		{AE82D00B-9802-43EA-B182-17C2711B8276}.Debug|x86.Build.0 = Debug|Any CPU
		{AE82D00B-9802-43EA-B182-17C2711B8276}.Release|Any CPU.ActiveCfg = Release|Any CPU
		{AE82D00B-9802-43EA-B182-17C2711B8276}.Release|Any CPU.Build.0 = Release|Any CPU
		{AE82D00B-9802-43EA-B182-17C2711B8276}.Release|ARM.ActiveCfg = Release|Any CPU
		{AE82D00B-9802-43EA-B182-17C2711B8276}.Release|ARM.Build.0 = Release|Any CPU
		{AE82D00B-9802-43EA-B182-17C2711B8276}.Release|ARM64.ActiveCfg = Release|Any CPU
		{AE82D00B-9802-43EA-B182-17C2711B8276}.Release|ARM64.Build.0 = Release|Any CPU
		{AE82D00B-9802-43EA-B182-17C2711B8276}.Release|x64.ActiveCfg = Release|Any CPU
		{AE82D00B-9802-43EA-B182-17C2711B8276}.Release|x64.Build.0 = Release|Any CPU
		{AE82D00B-9802-43EA-B182-17C2711B8276}.Release|x86.ActiveCfg = Release|Any CPU
		{AE82D00B-9802-43EA-B182-17C2711B8276}.Release|x86.Build.0 = Release|Any CPU
		{503C1A9B-845A-41FD-9BF8-ED732AF3F7F6}.Debug|Any CPU.ActiveCfg = Debug|Any CPU
		{503C1A9B-845A-41FD-9BF8-ED732AF3F7F6}.Debug|Any CPU.Build.0 = Debug|Any CPU
		{503C1A9B-845A-41FD-9BF8-ED732AF3F7F6}.Debug|ARM.ActiveCfg = Debug|Any CPU
		{503C1A9B-845A-41FD-9BF8-ED732AF3F7F6}.Debug|ARM.Build.0 = Debug|Any CPU
		{503C1A9B-845A-41FD-9BF8-ED732AF3F7F6}.Debug|ARM64.ActiveCfg = Debug|Any CPU
		{503C1A9B-845A-41FD-9BF8-ED732AF3F7F6}.Debug|ARM64.Build.0 = Debug|Any CPU
		{503C1A9B-845A-41FD-9BF8-ED732AF3F7F6}.Debug|x64.ActiveCfg = Debug|Any CPU
		{503C1A9B-845A-41FD-9BF8-ED732AF3F7F6}.Debug|x64.Build.0 = Debug|Any CPU
		{503C1A9B-845A-41FD-9BF8-ED732AF3F7F6}.Debug|x86.ActiveCfg = Debug|Any CPU
		{503C1A9B-845A-41FD-9BF8-ED732AF3F7F6}.Debug|x86.Build.0 = Debug|Any CPU
		{503C1A9B-845A-41FD-9BF8-ED732AF3F7F6}.Release|Any CPU.ActiveCfg = Release|Any CPU
		{503C1A9B-845A-41FD-9BF8-ED732AF3F7F6}.Release|Any CPU.Build.0 = Release|Any CPU
		{503C1A9B-845A-41FD-9BF8-ED732AF3F7F6}.Release|ARM.ActiveCfg = Release|Any CPU
		{503C1A9B-845A-41FD-9BF8-ED732AF3F7F6}.Release|ARM.Build.0 = Release|Any CPU
		{503C1A9B-845A-41FD-9BF8-ED732AF3F7F6}.Release|ARM64.ActiveCfg = Release|Any CPU
		{503C1A9B-845A-41FD-9BF8-ED732AF3F7F6}.Release|ARM64.Build.0 = Release|Any CPU
		{503C1A9B-845A-41FD-9BF8-ED732AF3F7F6}.Release|x64.ActiveCfg = Release|Any CPU
		{503C1A9B-845A-41FD-9BF8-ED732AF3F7F6}.Release|x64.Build.0 = Release|Any CPU
		{503C1A9B-845A-41FD-9BF8-ED732AF3F7F6}.Release|x86.ActiveCfg = Release|Any CPU
		{503C1A9B-845A-41FD-9BF8-ED732AF3F7F6}.Release|x86.Build.0 = Release|Any CPU
		{89590B6C-1DDB-4E08-9E94-D4B7628A62A2}.Debug|Any CPU.ActiveCfg = Debug|Any CPU
		{89590B6C-1DDB-4E08-9E94-D4B7628A62A2}.Debug|Any CPU.Build.0 = Debug|Any CPU
		{89590B6C-1DDB-4E08-9E94-D4B7628A62A2}.Debug|ARM.ActiveCfg = Debug|Any CPU
		{89590B6C-1DDB-4E08-9E94-D4B7628A62A2}.Debug|ARM.Build.0 = Debug|Any CPU
		{89590B6C-1DDB-4E08-9E94-D4B7628A62A2}.Debug|ARM64.ActiveCfg = Debug|Any CPU
		{89590B6C-1DDB-4E08-9E94-D4B7628A62A2}.Debug|ARM64.Build.0 = Debug|Any CPU
		{89590B6C-1DDB-4E08-9E94-D4B7628A62A2}.Debug|x64.ActiveCfg = Debug|Any CPU
		{89590B6C-1DDB-4E08-9E94-D4B7628A62A2}.Debug|x64.Build.0 = Debug|Any CPU
		{89590B6C-1DDB-4E08-9E94-D4B7628A62A2}.Debug|x86.ActiveCfg = Debug|Any CPU
		{89590B6C-1DDB-4E08-9E94-D4B7628A62A2}.Debug|x86.Build.0 = Debug|Any CPU
		{89590B6C-1DDB-4E08-9E94-D4B7628A62A2}.Release|Any CPU.ActiveCfg = Release|Any CPU
		{89590B6C-1DDB-4E08-9E94-D4B7628A62A2}.Release|Any CPU.Build.0 = Release|Any CPU
		{89590B6C-1DDB-4E08-9E94-D4B7628A62A2}.Release|ARM.ActiveCfg = Release|Any CPU
		{89590B6C-1DDB-4E08-9E94-D4B7628A62A2}.Release|ARM.Build.0 = Release|Any CPU
		{89590B6C-1DDB-4E08-9E94-D4B7628A62A2}.Release|ARM64.ActiveCfg = Release|Any CPU
		{89590B6C-1DDB-4E08-9E94-D4B7628A62A2}.Release|ARM64.Build.0 = Release|Any CPU
		{89590B6C-1DDB-4E08-9E94-D4B7628A62A2}.Release|x64.ActiveCfg = Release|Any CPU
		{89590B6C-1DDB-4E08-9E94-D4B7628A62A2}.Release|x64.Build.0 = Release|Any CPU
		{89590B6C-1DDB-4E08-9E94-D4B7628A62A2}.Release|x86.ActiveCfg = Release|Any CPU
		{89590B6C-1DDB-4E08-9E94-D4B7628A62A2}.Release|x86.Build.0 = Release|Any CPU
		{76487E64-C821-4EBA-9CB1-19888C29228A}.Debug|Any CPU.ActiveCfg = Debug|Any CPU
		{76487E64-C821-4EBA-9CB1-19888C29228A}.Debug|Any CPU.Build.0 = Debug|Any CPU
		{76487E64-C821-4EBA-9CB1-19888C29228A}.Debug|ARM.ActiveCfg = Debug|Any CPU
		{76487E64-C821-4EBA-9CB1-19888C29228A}.Debug|ARM.Build.0 = Debug|Any CPU
		{76487E64-C821-4EBA-9CB1-19888C29228A}.Debug|ARM64.ActiveCfg = Debug|Any CPU
		{76487E64-C821-4EBA-9CB1-19888C29228A}.Debug|ARM64.Build.0 = Debug|Any CPU
		{76487E64-C821-4EBA-9CB1-19888C29228A}.Debug|x64.ActiveCfg = Debug|Any CPU
		{76487E64-C821-4EBA-9CB1-19888C29228A}.Debug|x64.Build.0 = Debug|Any CPU
		{76487E64-C821-4EBA-9CB1-19888C29228A}.Debug|x86.ActiveCfg = Debug|Any CPU
		{76487E64-C821-4EBA-9CB1-19888C29228A}.Debug|x86.Build.0 = Debug|Any CPU
		{76487E64-C821-4EBA-9CB1-19888C29228A}.Release|Any CPU.ActiveCfg = Release|Any CPU
		{76487E64-C821-4EBA-9CB1-19888C29228A}.Release|Any CPU.Build.0 = Release|Any CPU
		{76487E64-C821-4EBA-9CB1-19888C29228A}.Release|ARM.ActiveCfg = Release|Any CPU
		{76487E64-C821-4EBA-9CB1-19888C29228A}.Release|ARM.Build.0 = Release|Any CPU
		{76487E64-C821-4EBA-9CB1-19888C29228A}.Release|ARM64.ActiveCfg = Release|Any CPU
		{76487E64-C821-4EBA-9CB1-19888C29228A}.Release|ARM64.Build.0 = Release|Any CPU
		{76487E64-C821-4EBA-9CB1-19888C29228A}.Release|x64.ActiveCfg = Release|Any CPU
		{76487E64-C821-4EBA-9CB1-19888C29228A}.Release|x64.Build.0 = Release|Any CPU
		{76487E64-C821-4EBA-9CB1-19888C29228A}.Release|x86.ActiveCfg = Release|Any CPU
		{76487E64-C821-4EBA-9CB1-19888C29228A}.Release|x86.Build.0 = Release|Any CPU
		{F6045DBA-69A1-4114-AEB9-2543F03E576A}.Debug|Any CPU.ActiveCfg = Debug|Any CPU
		{F6045DBA-69A1-4114-AEB9-2543F03E576A}.Debug|Any CPU.Build.0 = Debug|Any CPU
		{F6045DBA-69A1-4114-AEB9-2543F03E576A}.Debug|ARM.ActiveCfg = Debug|Any CPU
		{F6045DBA-69A1-4114-AEB9-2543F03E576A}.Debug|ARM.Build.0 = Debug|Any CPU
		{F6045DBA-69A1-4114-AEB9-2543F03E576A}.Debug|ARM64.ActiveCfg = Debug|Any CPU
		{F6045DBA-69A1-4114-AEB9-2543F03E576A}.Debug|ARM64.Build.0 = Debug|Any CPU
		{F6045DBA-69A1-4114-AEB9-2543F03E576A}.Debug|x64.ActiveCfg = Debug|Any CPU
		{F6045DBA-69A1-4114-AEB9-2543F03E576A}.Debug|x64.Build.0 = Debug|Any CPU
		{F6045DBA-69A1-4114-AEB9-2543F03E576A}.Debug|x86.ActiveCfg = Debug|Any CPU
		{F6045DBA-69A1-4114-AEB9-2543F03E576A}.Debug|x86.Build.0 = Debug|Any CPU
		{F6045DBA-69A1-4114-AEB9-2543F03E576A}.Release|Any CPU.ActiveCfg = Release|Any CPU
		{F6045DBA-69A1-4114-AEB9-2543F03E576A}.Release|Any CPU.Build.0 = Release|Any CPU
		{F6045DBA-69A1-4114-AEB9-2543F03E576A}.Release|ARM.ActiveCfg = Release|Any CPU
		{F6045DBA-69A1-4114-AEB9-2543F03E576A}.Release|ARM.Build.0 = Release|Any CPU
		{F6045DBA-69A1-4114-AEB9-2543F03E576A}.Release|ARM64.ActiveCfg = Release|Any CPU
		{F6045DBA-69A1-4114-AEB9-2543F03E576A}.Release|ARM64.Build.0 = Release|Any CPU
		{F6045DBA-69A1-4114-AEB9-2543F03E576A}.Release|x64.ActiveCfg = Release|Any CPU
		{F6045DBA-69A1-4114-AEB9-2543F03E576A}.Release|x64.Build.0 = Release|Any CPU
		{F6045DBA-69A1-4114-AEB9-2543F03E576A}.Release|x86.ActiveCfg = Release|Any CPU
		{F6045DBA-69A1-4114-AEB9-2543F03E576A}.Release|x86.Build.0 = Release|Any CPU
		{38871480-2261-4529-A44C-1061C6EA80B7}.Debug|Any CPU.ActiveCfg = Debug|Any CPU
		{38871480-2261-4529-A44C-1061C6EA80B7}.Debug|Any CPU.Build.0 = Debug|Any CPU
		{38871480-2261-4529-A44C-1061C6EA80B7}.Debug|ARM.ActiveCfg = Debug|Any CPU
		{38871480-2261-4529-A44C-1061C6EA80B7}.Debug|ARM.Build.0 = Debug|Any CPU
		{38871480-2261-4529-A44C-1061C6EA80B7}.Debug|ARM64.ActiveCfg = Debug|Any CPU
		{38871480-2261-4529-A44C-1061C6EA80B7}.Debug|ARM64.Build.0 = Debug|Any CPU
		{38871480-2261-4529-A44C-1061C6EA80B7}.Debug|x64.ActiveCfg = Debug|Any CPU
		{38871480-2261-4529-A44C-1061C6EA80B7}.Debug|x64.Build.0 = Debug|Any CPU
		{38871480-2261-4529-A44C-1061C6EA80B7}.Debug|x86.ActiveCfg = Debug|Any CPU
		{38871480-2261-4529-A44C-1061C6EA80B7}.Debug|x86.Build.0 = Debug|Any CPU
		{38871480-2261-4529-A44C-1061C6EA80B7}.Release|Any CPU.ActiveCfg = Release|Any CPU
		{38871480-2261-4529-A44C-1061C6EA80B7}.Release|Any CPU.Build.0 = Release|Any CPU
		{38871480-2261-4529-A44C-1061C6EA80B7}.Release|ARM.ActiveCfg = Release|Any CPU
		{38871480-2261-4529-A44C-1061C6EA80B7}.Release|ARM.Build.0 = Release|Any CPU
		{38871480-2261-4529-A44C-1061C6EA80B7}.Release|ARM64.ActiveCfg = Release|Any CPU
		{38871480-2261-4529-A44C-1061C6EA80B7}.Release|ARM64.Build.0 = Release|Any CPU
		{38871480-2261-4529-A44C-1061C6EA80B7}.Release|x64.ActiveCfg = Release|Any CPU
		{38871480-2261-4529-A44C-1061C6EA80B7}.Release|x64.Build.0 = Release|Any CPU
		{38871480-2261-4529-A44C-1061C6EA80B7}.Release|x86.ActiveCfg = Release|Any CPU
		{38871480-2261-4529-A44C-1061C6EA80B7}.Release|x86.Build.0 = Release|Any CPU
		{53A387F1-037C-4014-9F91-46E01716314C}.Debug|Any CPU.ActiveCfg = Debug|Any CPU
		{53A387F1-037C-4014-9F91-46E01716314C}.Debug|Any CPU.Build.0 = Debug|Any CPU
		{53A387F1-037C-4014-9F91-46E01716314C}.Debug|ARM.ActiveCfg = Debug|Any CPU
		{53A387F1-037C-4014-9F91-46E01716314C}.Debug|ARM64.ActiveCfg = Debug|Any CPU
		{53A387F1-037C-4014-9F91-46E01716314C}.Debug|x64.ActiveCfg = Debug|Any CPU
		{53A387F1-037C-4014-9F91-46E01716314C}.Debug|x64.Build.0 = Debug|Any CPU
		{53A387F1-037C-4014-9F91-46E01716314C}.Debug|x86.ActiveCfg = Debug|Any CPU
		{53A387F1-037C-4014-9F91-46E01716314C}.Release|Any CPU.ActiveCfg = Release|Any CPU
		{53A387F1-037C-4014-9F91-46E01716314C}.Release|Any CPU.Build.0 = Release|Any CPU
		{53A387F1-037C-4014-9F91-46E01716314C}.Release|ARM.ActiveCfg = Release|Any CPU
		{53A387F1-037C-4014-9F91-46E01716314C}.Release|ARM64.ActiveCfg = Release|Any CPU
		{53A387F1-037C-4014-9F91-46E01716314C}.Release|x64.ActiveCfg = Release|Any CPU
		{53A387F1-037C-4014-9F91-46E01716314C}.Release|x64.Build.0 = Release|Any CPU
		{53A387F1-037C-4014-9F91-46E01716314C}.Release|x86.ActiveCfg = Release|Any CPU
		{9683EA7D-74CA-4780-BA01-2A31FD842396}.Debug|Any CPU.ActiveCfg = Debug|Any CPU
		{9683EA7D-74CA-4780-BA01-2A31FD842396}.Debug|Any CPU.Build.0 = Debug|Any CPU
		{9683EA7D-74CA-4780-BA01-2A31FD842396}.Debug|ARM.ActiveCfg = Debug|Any CPU
		{9683EA7D-74CA-4780-BA01-2A31FD842396}.Debug|ARM.Build.0 = Debug|Any CPU
		{9683EA7D-74CA-4780-BA01-2A31FD842396}.Debug|ARM64.ActiveCfg = Debug|Any CPU
		{9683EA7D-74CA-4780-BA01-2A31FD842396}.Debug|ARM64.Build.0 = Debug|Any CPU
		{9683EA7D-74CA-4780-BA01-2A31FD842396}.Debug|x64.ActiveCfg = Debug|Any CPU
		{9683EA7D-74CA-4780-BA01-2A31FD842396}.Debug|x64.Build.0 = Debug|Any CPU
		{9683EA7D-74CA-4780-BA01-2A31FD842396}.Debug|x86.ActiveCfg = Debug|Any CPU
		{9683EA7D-74CA-4780-BA01-2A31FD842396}.Debug|x86.Build.0 = Debug|Any CPU
		{9683EA7D-74CA-4780-BA01-2A31FD842396}.Release|Any CPU.ActiveCfg = Release|Any CPU
		{9683EA7D-74CA-4780-BA01-2A31FD842396}.Release|Any CPU.Build.0 = Release|Any CPU
		{9683EA7D-74CA-4780-BA01-2A31FD842396}.Release|ARM.ActiveCfg = Release|Any CPU
		{9683EA7D-74CA-4780-BA01-2A31FD842396}.Release|ARM.Build.0 = Release|Any CPU
		{9683EA7D-74CA-4780-BA01-2A31FD842396}.Release|ARM64.ActiveCfg = Release|Any CPU
		{9683EA7D-74CA-4780-BA01-2A31FD842396}.Release|ARM64.Build.0 = Release|Any CPU
		{9683EA7D-74CA-4780-BA01-2A31FD842396}.Release|x64.ActiveCfg = Release|Any CPU
		{9683EA7D-74CA-4780-BA01-2A31FD842396}.Release|x64.Build.0 = Release|Any CPU
		{9683EA7D-74CA-4780-BA01-2A31FD842396}.Release|x86.ActiveCfg = Release|Any CPU
		{9683EA7D-74CA-4780-BA01-2A31FD842396}.Release|x86.Build.0 = Release|Any CPU
		{CE69A6C2-292D-4596-90D0-CC27777B64A0}.Debug|Any CPU.ActiveCfg = Debug|Any CPU
		{CE69A6C2-292D-4596-90D0-CC27777B64A0}.Debug|Any CPU.Build.0 = Debug|Any CPU
		{CE69A6C2-292D-4596-90D0-CC27777B64A0}.Debug|ARM.ActiveCfg = Debug|Any CPU
		{CE69A6C2-292D-4596-90D0-CC27777B64A0}.Debug|ARM.Build.0 = Debug|Any CPU
		{CE69A6C2-292D-4596-90D0-CC27777B64A0}.Debug|ARM64.ActiveCfg = Debug|Any CPU
		{CE69A6C2-292D-4596-90D0-CC27777B64A0}.Debug|ARM64.Build.0 = Debug|Any CPU
		{CE69A6C2-292D-4596-90D0-CC27777B64A0}.Debug|x64.ActiveCfg = Debug|Any CPU
		{CE69A6C2-292D-4596-90D0-CC27777B64A0}.Debug|x64.Build.0 = Debug|Any CPU
		{CE69A6C2-292D-4596-90D0-CC27777B64A0}.Debug|x86.ActiveCfg = Debug|Any CPU
		{CE69A6C2-292D-4596-90D0-CC27777B64A0}.Debug|x86.Build.0 = Debug|Any CPU
		{CE69A6C2-292D-4596-90D0-CC27777B64A0}.Release|Any CPU.ActiveCfg = Release|Any CPU
		{CE69A6C2-292D-4596-90D0-CC27777B64A0}.Release|Any CPU.Build.0 = Release|Any CPU
		{CE69A6C2-292D-4596-90D0-CC27777B64A0}.Release|ARM.ActiveCfg = Release|Any CPU
		{CE69A6C2-292D-4596-90D0-CC27777B64A0}.Release|ARM.Build.0 = Release|Any CPU
		{CE69A6C2-292D-4596-90D0-CC27777B64A0}.Release|ARM64.ActiveCfg = Release|Any CPU
		{CE69A6C2-292D-4596-90D0-CC27777B64A0}.Release|ARM64.Build.0 = Release|Any CPU
		{CE69A6C2-292D-4596-90D0-CC27777B64A0}.Release|x64.ActiveCfg = Release|Any CPU
		{CE69A6C2-292D-4596-90D0-CC27777B64A0}.Release|x64.Build.0 = Release|Any CPU
		{CE69A6C2-292D-4596-90D0-CC27777B64A0}.Release|x86.ActiveCfg = Release|Any CPU
		{CE69A6C2-292D-4596-90D0-CC27777B64A0}.Release|x86.Build.0 = Release|Any CPU
		{1E0BA77F-2157-4951-A9D5-EC67F8AAE989}.Debug|Any CPU.ActiveCfg = Debug|Any CPU
		{1E0BA77F-2157-4951-A9D5-EC67F8AAE989}.Debug|Any CPU.Build.0 = Debug|Any CPU
		{1E0BA77F-2157-4951-A9D5-EC67F8AAE989}.Debug|ARM.ActiveCfg = Debug|Any CPU
		{1E0BA77F-2157-4951-A9D5-EC67F8AAE989}.Debug|ARM.Build.0 = Debug|Any CPU
		{1E0BA77F-2157-4951-A9D5-EC67F8AAE989}.Debug|ARM64.ActiveCfg = Debug|Any CPU
		{1E0BA77F-2157-4951-A9D5-EC67F8AAE989}.Debug|ARM64.Build.0 = Debug|Any CPU
		{1E0BA77F-2157-4951-A9D5-EC67F8AAE989}.Debug|x64.ActiveCfg = Debug|Any CPU
		{1E0BA77F-2157-4951-A9D5-EC67F8AAE989}.Debug|x64.Build.0 = Debug|Any CPU
		{1E0BA77F-2157-4951-A9D5-EC67F8AAE989}.Debug|x86.ActiveCfg = Debug|Any CPU
		{1E0BA77F-2157-4951-A9D5-EC67F8AAE989}.Debug|x86.Build.0 = Debug|Any CPU
		{1E0BA77F-2157-4951-A9D5-EC67F8AAE989}.Release|Any CPU.ActiveCfg = Release|Any CPU
		{1E0BA77F-2157-4951-A9D5-EC67F8AAE989}.Release|Any CPU.Build.0 = Release|Any CPU
		{1E0BA77F-2157-4951-A9D5-EC67F8AAE989}.Release|ARM.ActiveCfg = Release|Any CPU
		{1E0BA77F-2157-4951-A9D5-EC67F8AAE989}.Release|ARM.Build.0 = Release|Any CPU
		{1E0BA77F-2157-4951-A9D5-EC67F8AAE989}.Release|ARM64.ActiveCfg = Release|Any CPU
		{1E0BA77F-2157-4951-A9D5-EC67F8AAE989}.Release|ARM64.Build.0 = Release|Any CPU
		{1E0BA77F-2157-4951-A9D5-EC67F8AAE989}.Release|x64.ActiveCfg = Release|Any CPU
		{1E0BA77F-2157-4951-A9D5-EC67F8AAE989}.Release|x64.Build.0 = Release|Any CPU
		{1E0BA77F-2157-4951-A9D5-EC67F8AAE989}.Release|x86.ActiveCfg = Release|Any CPU
		{1E0BA77F-2157-4951-A9D5-EC67F8AAE989}.Release|x86.Build.0 = Release|Any CPU
		{59D65B1E-9514-43C3-BF83-C58F6A837D8D}.Debug|Any CPU.ActiveCfg = Debug|Any CPU
		{59D65B1E-9514-43C3-BF83-C58F6A837D8D}.Debug|Any CPU.Build.0 = Debug|Any CPU
		{59D65B1E-9514-43C3-BF83-C58F6A837D8D}.Debug|ARM.ActiveCfg = Debug|Any CPU
		{59D65B1E-9514-43C3-BF83-C58F6A837D8D}.Debug|ARM.Build.0 = Debug|Any CPU
		{59D65B1E-9514-43C3-BF83-C58F6A837D8D}.Debug|ARM64.ActiveCfg = Debug|Any CPU
		{59D65B1E-9514-43C3-BF83-C58F6A837D8D}.Debug|ARM64.Build.0 = Debug|Any CPU
		{59D65B1E-9514-43C3-BF83-C58F6A837D8D}.Debug|x64.ActiveCfg = Debug|Any CPU
		{59D65B1E-9514-43C3-BF83-C58F6A837D8D}.Debug|x64.Build.0 = Debug|Any CPU
		{59D65B1E-9514-43C3-BF83-C58F6A837D8D}.Debug|x86.ActiveCfg = Debug|Any CPU
		{59D65B1E-9514-43C3-BF83-C58F6A837D8D}.Debug|x86.Build.0 = Debug|Any CPU
		{59D65B1E-9514-43C3-BF83-C58F6A837D8D}.Release|Any CPU.ActiveCfg = Release|Any CPU
		{59D65B1E-9514-43C3-BF83-C58F6A837D8D}.Release|Any CPU.Build.0 = Release|Any CPU
		{59D65B1E-9514-43C3-BF83-C58F6A837D8D}.Release|ARM.ActiveCfg = Release|Any CPU
		{59D65B1E-9514-43C3-BF83-C58F6A837D8D}.Release|ARM.Build.0 = Release|Any CPU
		{59D65B1E-9514-43C3-BF83-C58F6A837D8D}.Release|ARM64.ActiveCfg = Release|Any CPU
		{59D65B1E-9514-43C3-BF83-C58F6A837D8D}.Release|ARM64.Build.0 = Release|Any CPU
		{59D65B1E-9514-43C3-BF83-C58F6A837D8D}.Release|x64.ActiveCfg = Release|Any CPU
		{59D65B1E-9514-43C3-BF83-C58F6A837D8D}.Release|x64.Build.0 = Release|Any CPU
		{59D65B1E-9514-43C3-BF83-C58F6A837D8D}.Release|x86.ActiveCfg = Release|Any CPU
		{59D65B1E-9514-43C3-BF83-C58F6A837D8D}.Release|x86.Build.0 = Release|Any CPU
		{012C9F96-102E-4BDF-845D-58070A781D3F}.Debug|Any CPU.ActiveCfg = Debug|Any CPU
		{012C9F96-102E-4BDF-845D-58070A781D3F}.Debug|Any CPU.Build.0 = Debug|Any CPU
		{012C9F96-102E-4BDF-845D-58070A781D3F}.Debug|ARM.ActiveCfg = Debug|Any CPU
		{012C9F96-102E-4BDF-845D-58070A781D3F}.Debug|ARM.Build.0 = Debug|Any CPU
		{012C9F96-102E-4BDF-845D-58070A781D3F}.Debug|ARM64.ActiveCfg = Debug|Any CPU
		{012C9F96-102E-4BDF-845D-58070A781D3F}.Debug|ARM64.Build.0 = Debug|Any CPU
		{012C9F96-102E-4BDF-845D-58070A781D3F}.Debug|x64.ActiveCfg = Debug|Any CPU
		{012C9F96-102E-4BDF-845D-58070A781D3F}.Debug|x64.Build.0 = Debug|Any CPU
		{012C9F96-102E-4BDF-845D-58070A781D3F}.Debug|x86.ActiveCfg = Debug|Any CPU
		{012C9F96-102E-4BDF-845D-58070A781D3F}.Debug|x86.Build.0 = Debug|Any CPU
		{012C9F96-102E-4BDF-845D-58070A781D3F}.Release|Any CPU.ActiveCfg = Release|Any CPU
		{012C9F96-102E-4BDF-845D-58070A781D3F}.Release|Any CPU.Build.0 = Release|Any CPU
		{012C9F96-102E-4BDF-845D-58070A781D3F}.Release|ARM.ActiveCfg = Release|Any CPU
		{012C9F96-102E-4BDF-845D-58070A781D3F}.Release|ARM.Build.0 = Release|Any CPU
		{012C9F96-102E-4BDF-845D-58070A781D3F}.Release|ARM64.ActiveCfg = Release|Any CPU
		{012C9F96-102E-4BDF-845D-58070A781D3F}.Release|ARM64.Build.0 = Release|Any CPU
		{012C9F96-102E-4BDF-845D-58070A781D3F}.Release|x64.ActiveCfg = Release|Any CPU
		{012C9F96-102E-4BDF-845D-58070A781D3F}.Release|x64.Build.0 = Release|Any CPU
		{012C9F96-102E-4BDF-845D-58070A781D3F}.Release|x86.ActiveCfg = Release|Any CPU
		{012C9F96-102E-4BDF-845D-58070A781D3F}.Release|x86.Build.0 = Release|Any CPU
		{0013B002-0E0F-481C-8E01-10DFB66B3305}.Debug|Any CPU.ActiveCfg = Debug|Any CPU
		{0013B002-0E0F-481C-8E01-10DFB66B3305}.Debug|Any CPU.Build.0 = Debug|Any CPU
		{0013B002-0E0F-481C-8E01-10DFB66B3305}.Debug|ARM.ActiveCfg = Debug|Any CPU
		{0013B002-0E0F-481C-8E01-10DFB66B3305}.Debug|ARM.Build.0 = Debug|Any CPU
		{0013B002-0E0F-481C-8E01-10DFB66B3305}.Debug|ARM64.ActiveCfg = Debug|Any CPU
		{0013B002-0E0F-481C-8E01-10DFB66B3305}.Debug|ARM64.Build.0 = Debug|Any CPU
		{0013B002-0E0F-481C-8E01-10DFB66B3305}.Debug|x64.ActiveCfg = Debug|Any CPU
		{0013B002-0E0F-481C-8E01-10DFB66B3305}.Debug|x64.Build.0 = Debug|Any CPU
		{0013B002-0E0F-481C-8E01-10DFB66B3305}.Debug|x86.ActiveCfg = Debug|Any CPU
		{0013B002-0E0F-481C-8E01-10DFB66B3305}.Debug|x86.Build.0 = Debug|Any CPU
		{0013B002-0E0F-481C-8E01-10DFB66B3305}.Release|Any CPU.ActiveCfg = Release|Any CPU
		{0013B002-0E0F-481C-8E01-10DFB66B3305}.Release|Any CPU.Build.0 = Release|Any CPU
		{0013B002-0E0F-481C-8E01-10DFB66B3305}.Release|ARM.ActiveCfg = Release|Any CPU
		{0013B002-0E0F-481C-8E01-10DFB66B3305}.Release|ARM.Build.0 = Release|Any CPU
		{0013B002-0E0F-481C-8E01-10DFB66B3305}.Release|ARM64.ActiveCfg = Release|Any CPU
		{0013B002-0E0F-481C-8E01-10DFB66B3305}.Release|ARM64.Build.0 = Release|Any CPU
		{0013B002-0E0F-481C-8E01-10DFB66B3305}.Release|x64.ActiveCfg = Release|Any CPU
		{0013B002-0E0F-481C-8E01-10DFB66B3305}.Release|x64.Build.0 = Release|Any CPU
		{0013B002-0E0F-481C-8E01-10DFB66B3305}.Release|x86.ActiveCfg = Release|Any CPU
		{0013B002-0E0F-481C-8E01-10DFB66B3305}.Release|x86.Build.0 = Release|Any CPU
		{2A6DD11E-B843-4C40-B71F-CCFBD055E1B0}.Debug|Any CPU.ActiveCfg = Debug|Any CPU
		{2A6DD11E-B843-4C40-B71F-CCFBD055E1B0}.Debug|Any CPU.Build.0 = Debug|Any CPU
		{2A6DD11E-B843-4C40-B71F-CCFBD055E1B0}.Debug|ARM.ActiveCfg = Debug|Any CPU
		{2A6DD11E-B843-4C40-B71F-CCFBD055E1B0}.Debug|ARM.Build.0 = Debug|Any CPU
		{2A6DD11E-B843-4C40-B71F-CCFBD055E1B0}.Debug|ARM64.ActiveCfg = Debug|Any CPU
		{2A6DD11E-B843-4C40-B71F-CCFBD055E1B0}.Debug|ARM64.Build.0 = Debug|Any CPU
		{2A6DD11E-B843-4C40-B71F-CCFBD055E1B0}.Debug|x64.ActiveCfg = Debug|Any CPU
		{2A6DD11E-B843-4C40-B71F-CCFBD055E1B0}.Debug|x64.Build.0 = Debug|Any CPU
		{2A6DD11E-B843-4C40-B71F-CCFBD055E1B0}.Debug|x86.ActiveCfg = Debug|Any CPU
		{2A6DD11E-B843-4C40-B71F-CCFBD055E1B0}.Debug|x86.Build.0 = Debug|Any CPU
		{2A6DD11E-B843-4C40-B71F-CCFBD055E1B0}.Release|Any CPU.ActiveCfg = Release|Any CPU
		{2A6DD11E-B843-4C40-B71F-CCFBD055E1B0}.Release|Any CPU.Build.0 = Release|Any CPU
		{2A6DD11E-B843-4C40-B71F-CCFBD055E1B0}.Release|ARM.ActiveCfg = Release|Any CPU
		{2A6DD11E-B843-4C40-B71F-CCFBD055E1B0}.Release|ARM.Build.0 = Release|Any CPU
		{2A6DD11E-B843-4C40-B71F-CCFBD055E1B0}.Release|ARM64.ActiveCfg = Release|Any CPU
		{2A6DD11E-B843-4C40-B71F-CCFBD055E1B0}.Release|ARM64.Build.0 = Release|Any CPU
		{2A6DD11E-B843-4C40-B71F-CCFBD055E1B0}.Release|x64.ActiveCfg = Release|Any CPU
		{2A6DD11E-B843-4C40-B71F-CCFBD055E1B0}.Release|x64.Build.0 = Release|Any CPU
		{2A6DD11E-B843-4C40-B71F-CCFBD055E1B0}.Release|x86.ActiveCfg = Release|Any CPU
		{2A6DD11E-B843-4C40-B71F-CCFBD055E1B0}.Release|x86.Build.0 = Release|Any CPU
		{17D5A1BF-7579-4EF8-B375-97ECE1662858}.Debug|Any CPU.ActiveCfg = Debug|Any CPU
		{17D5A1BF-7579-4EF8-B375-97ECE1662858}.Debug|Any CPU.Build.0 = Debug|Any CPU
		{17D5A1BF-7579-4EF8-B375-97ECE1662858}.Debug|ARM.ActiveCfg = Debug|Any CPU
		{17D5A1BF-7579-4EF8-B375-97ECE1662858}.Debug|ARM.Build.0 = Debug|Any CPU
		{17D5A1BF-7579-4EF8-B375-97ECE1662858}.Debug|ARM64.ActiveCfg = Debug|Any CPU
		{17D5A1BF-7579-4EF8-B375-97ECE1662858}.Debug|ARM64.Build.0 = Debug|Any CPU
		{17D5A1BF-7579-4EF8-B375-97ECE1662858}.Debug|x64.ActiveCfg = Debug|Any CPU
		{17D5A1BF-7579-4EF8-B375-97ECE1662858}.Debug|x64.Build.0 = Debug|Any CPU
		{17D5A1BF-7579-4EF8-B375-97ECE1662858}.Debug|x86.ActiveCfg = Debug|Any CPU
		{17D5A1BF-7579-4EF8-B375-97ECE1662858}.Debug|x86.Build.0 = Debug|Any CPU
		{17D5A1BF-7579-4EF8-B375-97ECE1662858}.Release|Any CPU.ActiveCfg = Release|Any CPU
		{17D5A1BF-7579-4EF8-B375-97ECE1662858}.Release|Any CPU.Build.0 = Release|Any CPU
		{17D5A1BF-7579-4EF8-B375-97ECE1662858}.Release|ARM.ActiveCfg = Release|Any CPU
		{17D5A1BF-7579-4EF8-B375-97ECE1662858}.Release|ARM.Build.0 = Release|Any CPU
		{17D5A1BF-7579-4EF8-B375-97ECE1662858}.Release|ARM64.ActiveCfg = Release|Any CPU
		{17D5A1BF-7579-4EF8-B375-97ECE1662858}.Release|ARM64.Build.0 = Release|Any CPU
		{17D5A1BF-7579-4EF8-B375-97ECE1662858}.Release|x64.ActiveCfg = Release|Any CPU
		{17D5A1BF-7579-4EF8-B375-97ECE1662858}.Release|x64.Build.0 = Release|Any CPU
		{17D5A1BF-7579-4EF8-B375-97ECE1662858}.Release|x86.ActiveCfg = Release|Any CPU
		{17D5A1BF-7579-4EF8-B375-97ECE1662858}.Release|x86.Build.0 = Release|Any CPU
		{77C15D11-0BD6-47A8-B790-3E54A1969C4E}.Debug|Any CPU.ActiveCfg = Debug|Any CPU
		{77C15D11-0BD6-47A8-B790-3E54A1969C4E}.Debug|Any CPU.Build.0 = Debug|Any CPU
		{77C15D11-0BD6-47A8-B790-3E54A1969C4E}.Debug|ARM.ActiveCfg = Debug|Any CPU
		{77C15D11-0BD6-47A8-B790-3E54A1969C4E}.Debug|ARM.Build.0 = Debug|Any CPU
		{77C15D11-0BD6-47A8-B790-3E54A1969C4E}.Debug|ARM64.ActiveCfg = Debug|Any CPU
		{77C15D11-0BD6-47A8-B790-3E54A1969C4E}.Debug|ARM64.Build.0 = Debug|Any CPU
		{77C15D11-0BD6-47A8-B790-3E54A1969C4E}.Debug|x64.ActiveCfg = Debug|Any CPU
		{77C15D11-0BD6-47A8-B790-3E54A1969C4E}.Debug|x64.Build.0 = Debug|Any CPU
		{77C15D11-0BD6-47A8-B790-3E54A1969C4E}.Debug|x86.ActiveCfg = Debug|Any CPU
		{77C15D11-0BD6-47A8-B790-3E54A1969C4E}.Debug|x86.Build.0 = Debug|Any CPU
		{77C15D11-0BD6-47A8-B790-3E54A1969C4E}.Release|Any CPU.ActiveCfg = Release|Any CPU
		{77C15D11-0BD6-47A8-B790-3E54A1969C4E}.Release|Any CPU.Build.0 = Release|Any CPU
		{77C15D11-0BD6-47A8-B790-3E54A1969C4E}.Release|ARM.ActiveCfg = Release|Any CPU
		{77C15D11-0BD6-47A8-B790-3E54A1969C4E}.Release|ARM.Build.0 = Release|Any CPU
		{77C15D11-0BD6-47A8-B790-3E54A1969C4E}.Release|ARM64.ActiveCfg = Release|Any CPU
		{77C15D11-0BD6-47A8-B790-3E54A1969C4E}.Release|ARM64.Build.0 = Release|Any CPU
		{77C15D11-0BD6-47A8-B790-3E54A1969C4E}.Release|x64.ActiveCfg = Release|Any CPU
		{77C15D11-0BD6-47A8-B790-3E54A1969C4E}.Release|x64.Build.0 = Release|Any CPU
		{77C15D11-0BD6-47A8-B790-3E54A1969C4E}.Release|x86.ActiveCfg = Release|Any CPU
		{77C15D11-0BD6-47A8-B790-3E54A1969C4E}.Release|x86.Build.0 = Release|Any CPU
		{F5A865A6-E4A8-4134-A0D6-E7BD08720770}.Debug|Any CPU.ActiveCfg = Debug|Any CPU
		{F5A865A6-E4A8-4134-A0D6-E7BD08720770}.Debug|Any CPU.Build.0 = Debug|Any CPU
		{F5A865A6-E4A8-4134-A0D6-E7BD08720770}.Debug|ARM.ActiveCfg = Debug|Any CPU
		{F5A865A6-E4A8-4134-A0D6-E7BD08720770}.Debug|ARM.Build.0 = Debug|Any CPU
		{F5A865A6-E4A8-4134-A0D6-E7BD08720770}.Debug|ARM64.ActiveCfg = Debug|Any CPU
		{F5A865A6-E4A8-4134-A0D6-E7BD08720770}.Debug|ARM64.Build.0 = Debug|Any CPU
		{F5A865A6-E4A8-4134-A0D6-E7BD08720770}.Debug|x64.ActiveCfg = Debug|Any CPU
		{F5A865A6-E4A8-4134-A0D6-E7BD08720770}.Debug|x64.Build.0 = Debug|Any CPU
		{F5A865A6-E4A8-4134-A0D6-E7BD08720770}.Debug|x86.ActiveCfg = Debug|Any CPU
		{F5A865A6-E4A8-4134-A0D6-E7BD08720770}.Debug|x86.Build.0 = Debug|Any CPU
		{F5A865A6-E4A8-4134-A0D6-E7BD08720770}.Release|Any CPU.ActiveCfg = Release|Any CPU
		{F5A865A6-E4A8-4134-A0D6-E7BD08720770}.Release|Any CPU.Build.0 = Release|Any CPU
		{F5A865A6-E4A8-4134-A0D6-E7BD08720770}.Release|ARM.ActiveCfg = Release|Any CPU
		{F5A865A6-E4A8-4134-A0D6-E7BD08720770}.Release|ARM.Build.0 = Release|Any CPU
		{F5A865A6-E4A8-4134-A0D6-E7BD08720770}.Release|ARM64.ActiveCfg = Release|Any CPU
		{F5A865A6-E4A8-4134-A0D6-E7BD08720770}.Release|ARM64.Build.0 = Release|Any CPU
		{F5A865A6-E4A8-4134-A0D6-E7BD08720770}.Release|x64.ActiveCfg = Release|Any CPU
		{F5A865A6-E4A8-4134-A0D6-E7BD08720770}.Release|x64.Build.0 = Release|Any CPU
		{F5A865A6-E4A8-4134-A0D6-E7BD08720770}.Release|x86.ActiveCfg = Release|Any CPU
		{F5A865A6-E4A8-4134-A0D6-E7BD08720770}.Release|x86.Build.0 = Release|Any CPU
		{DCCF7A25-F47B-4CF8-A11F-7A8D25F9BE43}.Debug|Any CPU.ActiveCfg = Debug|Any CPU
		{DCCF7A25-F47B-4CF8-A11F-7A8D25F9BE43}.Debug|Any CPU.Build.0 = Debug|Any CPU
		{DCCF7A25-F47B-4CF8-A11F-7A8D25F9BE43}.Debug|ARM.ActiveCfg = Debug|Any CPU
		{DCCF7A25-F47B-4CF8-A11F-7A8D25F9BE43}.Debug|ARM.Build.0 = Debug|Any CPU
		{DCCF7A25-F47B-4CF8-A11F-7A8D25F9BE43}.Debug|ARM64.ActiveCfg = Debug|Any CPU
		{DCCF7A25-F47B-4CF8-A11F-7A8D25F9BE43}.Debug|ARM64.Build.0 = Debug|Any CPU
		{DCCF7A25-F47B-4CF8-A11F-7A8D25F9BE43}.Debug|x64.ActiveCfg = Debug|Any CPU
		{DCCF7A25-F47B-4CF8-A11F-7A8D25F9BE43}.Debug|x64.Build.0 = Debug|Any CPU
		{DCCF7A25-F47B-4CF8-A11F-7A8D25F9BE43}.Debug|x86.ActiveCfg = Debug|Any CPU
		{DCCF7A25-F47B-4CF8-A11F-7A8D25F9BE43}.Debug|x86.Build.0 = Debug|Any CPU
		{DCCF7A25-F47B-4CF8-A11F-7A8D25F9BE43}.Release|Any CPU.ActiveCfg = Release|Any CPU
		{DCCF7A25-F47B-4CF8-A11F-7A8D25F9BE43}.Release|Any CPU.Build.0 = Release|Any CPU
		{DCCF7A25-F47B-4CF8-A11F-7A8D25F9BE43}.Release|ARM.ActiveCfg = Release|Any CPU
		{DCCF7A25-F47B-4CF8-A11F-7A8D25F9BE43}.Release|ARM.Build.0 = Release|Any CPU
		{DCCF7A25-F47B-4CF8-A11F-7A8D25F9BE43}.Release|ARM64.ActiveCfg = Release|Any CPU
		{DCCF7A25-F47B-4CF8-A11F-7A8D25F9BE43}.Release|ARM64.Build.0 = Release|Any CPU
		{DCCF7A25-F47B-4CF8-A11F-7A8D25F9BE43}.Release|x64.ActiveCfg = Release|Any CPU
		{DCCF7A25-F47B-4CF8-A11F-7A8D25F9BE43}.Release|x64.Build.0 = Release|Any CPU
		{DCCF7A25-F47B-4CF8-A11F-7A8D25F9BE43}.Release|x86.ActiveCfg = Release|Any CPU
		{DCCF7A25-F47B-4CF8-A11F-7A8D25F9BE43}.Release|x86.Build.0 = Release|Any CPU
	EndGlobalSection
	GlobalSection(SolutionProperties) = preSolution
		HideSolutionNode = FALSE
	EndGlobalSection
	GlobalSection(NestedProjects) = preSolution
		{0BAE0808-2372-4B4D-8438-B07D8803D5B2} = {861A9732-0DD2-43BF-9DA9-6529961C58D5}
		{4D817D96-B494-4F4F-8EBF-24A1FF971F97} = {861A9732-0DD2-43BF-9DA9-6529961C58D5}
		{82870D09-5357-4C2F-869B-EB7E075CE494} = {861A9732-0DD2-43BF-9DA9-6529961C58D5}
		{87EC54DB-161E-43BC-AB5A-A1801DA05855} = {861A9732-0DD2-43BF-9DA9-6529961C58D5}
		{89590B6C-1DDB-4E08-9E94-D4B7628A62A2} = {861A9732-0DD2-43BF-9DA9-6529961C58D5}
		{F6045DBA-69A1-4114-AEB9-2543F03E576A} = {861A9732-0DD2-43BF-9DA9-6529961C58D5}
		{53A387F1-037C-4014-9F91-46E01716314C} = {861A9732-0DD2-43BF-9DA9-6529961C58D5}
		{9683EA7D-74CA-4780-BA01-2A31FD842396} = {ED43103C-D714-4A5D-AAA9-E0E421098B0F}
		{CE69A6C2-292D-4596-90D0-CC27777B64A0} = {ED43103C-D714-4A5D-AAA9-E0E421098B0F}
		{1E0BA77F-2157-4951-A9D5-EC67F8AAE989} = {ED43103C-D714-4A5D-AAA9-E0E421098B0F}
		{59D65B1E-9514-43C3-BF83-C58F6A837D8D} = {ED43103C-D714-4A5D-AAA9-E0E421098B0F}
		{012C9F96-102E-4BDF-845D-58070A781D3F} = {ED43103C-D714-4A5D-AAA9-E0E421098B0F}
		{0013B002-0E0F-481C-8E01-10DFB66B3305} = {ED43103C-D714-4A5D-AAA9-E0E421098B0F}
		{2A6DD11E-B843-4C40-B71F-CCFBD055E1B0} = {ED43103C-D714-4A5D-AAA9-E0E421098B0F}
		{DCCF7A25-F47B-4CF8-A11F-7A8D25F9BE43} = {ED43103C-D714-4A5D-AAA9-E0E421098B0F}
	EndGlobalSection
	GlobalSection(ExtensibilityGlobals) = postSolution
		SolutionGuid = {A84E1AF7-BEBB-47F9-A917-8373C7F0D39E}
	EndGlobalSection
EndGlobal
